<?xml version="1.0" encoding="UTF-8"?>
<!DOCTYPE plist PUBLIC "-//Apple//DTD PLIST 1.0//EN" "http://www.apple.com/DTDs/PropertyList-1.0.dtd">
<plist version="1.0">
<dict>
	<key>archiveVersion</key>
	<string>1</string>
	<key>classes</key>
	<dict/>
	<key>objectVersion</key>
	<string>46</string>
	<key>objects</key>
	<dict>
		<key>31349DB35E48444C880A4972</key>
		<dict>
			<key>explicitFileType</key>
			<string>archive.ar</string>
			<key>includeInIndex</key>
			<string>0</string>
			<key>isa</key>
			<string>PBXFileReference</string>
			<key>path</key>
			<string>libPods-CapMetro.a</string>
			<key>sourceTree</key>
			<string>BUILT_PRODUCTS_DIR</string>
		</dict>
		<key>6210B8A4BFD84DD19523080F</key>
		<dict>
			<key>includeInIndex</key>
			<string>1</string>
			<key>isa</key>
			<string>PBXFileReference</string>
			<key>lastKnownFileType</key>
			<string>text.xcconfig</string>
			<key>name</key>
			<string>Pods-CapMetro.xcconfig</string>
			<key>path</key>
			<string>Pods/Pods-CapMetro.xcconfig</string>
			<key>sourceTree</key>
			<string>&lt;group&gt;</string>
		</dict>
		<key>8C1D919818A9E40500AB498A</key>
		<dict>
			<key>fileEncoding</key>
			<string>4</string>
			<key>isa</key>
			<string>PBXFileReference</string>
			<key>lastKnownFileType</key>
			<string>sourcecode.c.h</string>
			<key>path</key>
			<string>NearbyViewController.h</string>
			<key>sourceTree</key>
			<string>&lt;group&gt;</string>
		</dict>
		<key>8C1D919918A9E40500AB498A</key>
		<dict>
			<key>fileEncoding</key>
			<string>4</string>
			<key>isa</key>
			<string>PBXFileReference</string>
			<key>lastKnownFileType</key>
			<string>sourcecode.c.objc</string>
			<key>path</key>
			<string>NearbyViewController.m</string>
			<key>sourceTree</key>
			<string>&lt;group&gt;</string>
		</dict>
		<key>8C1D919A18A9E40500AB498A</key>
		<dict>
			<key>fileRef</key>
			<string>8C1D919918A9E40500AB498A</string>
			<key>isa</key>
			<string>PBXBuildFile</string>
		</dict>
		<key>8C1D919B18A9E40500AB498A</key>
		<dict>
			<key>fileRef</key>
			<string>8C1D919918A9E40500AB498A</string>
			<key>isa</key>
			<string>PBXBuildFile</string>
		</dict>
		<key>8C4A8D1B18ADBDF90056A9EA</key>
		<dict>
			<key>fileEncoding</key>
			<string>4</string>
			<key>isa</key>
			<string>PBXFileReference</string>
			<key>lastKnownFileType</key>
			<string>sourcecode.c.h</string>
			<key>path</key>
			<string>CAPStop.h</string>
			<key>sourceTree</key>
			<string>&lt;group&gt;</string>
		</dict>
		<key>8C4A8D1C18ADBDF90056A9EA</key>
		<dict>
			<key>fileEncoding</key>
			<string>4</string>
			<key>isa</key>
			<string>PBXFileReference</string>
			<key>lastKnownFileType</key>
			<string>sourcecode.c.objc</string>
			<key>path</key>
			<string>CAPStop.m</string>
			<key>sourceTree</key>
			<string>&lt;group&gt;</string>
		</dict>
		<key>8C4A8D1D18ADBDF90056A9EA</key>
		<dict>
			<key>fileRef</key>
			<string>8C4A8D1C18ADBDF90056A9EA</string>
			<key>isa</key>
			<string>PBXBuildFile</string>
		</dict>
		<key>8C4A8D1E18ADBDF90056A9EA</key>
		<dict>
			<key>fileRef</key>
			<string>8C4A8D1C18ADBDF90056A9EA</string>
			<key>isa</key>
			<string>PBXBuildFile</string>
		</dict>
		<key>8C4A8D1F18ADC0AC0056A9EA</key>
		<dict>
			<key>fileEncoding</key>
			<string>4</string>
			<key>isa</key>
			<string>PBXFileReference</string>
			<key>lastKnownFileType</key>
			<string>sourcecode.c.h</string>
			<key>path</key>
			<string>CAPTrip.h</string>
			<key>sourceTree</key>
			<string>&lt;group&gt;</string>
		</dict>
		<key>8C4A8D2018ADC0AC0056A9EA</key>
		<dict>
			<key>fileEncoding</key>
			<string>4</string>
			<key>isa</key>
			<string>PBXFileReference</string>
			<key>lastKnownFileType</key>
			<string>sourcecode.c.objc</string>
			<key>path</key>
			<string>CAPTrip.m</string>
			<key>sourceTree</key>
			<string>&lt;group&gt;</string>
		</dict>
		<key>8C4A8D2118ADC0AC0056A9EA</key>
		<dict>
			<key>fileRef</key>
			<string>8C4A8D2018ADC0AC0056A9EA</string>
			<key>isa</key>
			<string>PBXBuildFile</string>
		</dict>
		<key>8C4A8D2218ADC0AC0056A9EA</key>
		<dict>
			<key>fileRef</key>
			<string>8C4A8D2018ADC0AC0056A9EA</string>
			<key>isa</key>
			<string>PBXBuildFile</string>
		</dict>
		<key>8C4A8D2318ADC11E0056A9EA</key>
		<dict>
			<key>fileEncoding</key>
			<string>4</string>
			<key>isa</key>
			<string>PBXFileReference</string>
			<key>lastKnownFileType</key>
			<string>sourcecode.c.h</string>
			<key>path</key>
			<string>CAPTripRealtime.h</string>
			<key>sourceTree</key>
			<string>&lt;group&gt;</string>
		</dict>
		<key>8C4A8D2418ADC11E0056A9EA</key>
		<dict>
			<key>fileEncoding</key>
			<string>4</string>
			<key>isa</key>
			<string>PBXFileReference</string>
			<key>lastKnownFileType</key>
			<string>sourcecode.c.objc</string>
			<key>path</key>
			<string>CAPTripRealtime.m</string>
			<key>sourceTree</key>
			<string>&lt;group&gt;</string>
		</dict>
		<key>8C4A8D2518ADC11E0056A9EA</key>
		<dict>
			<key>fileRef</key>
			<string>8C4A8D2418ADC11E0056A9EA</string>
			<key>isa</key>
			<string>PBXBuildFile</string>
		</dict>
		<key>8C4A8D2618ADC11E0056A9EA</key>
		<dict>
			<key>fileRef</key>
			<string>8C4A8D2418ADC11E0056A9EA</string>
			<key>isa</key>
			<string>PBXBuildFile</string>
		</dict>
		<key>8C8C884F18AC4A170049412A</key>
		<dict>
			<key>children</key>
			<array>
				<string>8C8C885018AC55190049412A</string>
				<string>8C8C885218AC55190049412A</string>
			</array>
			<key>isa</key>
			<string>PBXGroup</string>
			<key>path</key>
			<string>Data</string>
			<key>sourceTree</key>
			<string>&lt;group&gt;</string>
		</dict>
		<key>8C8C885018AC55190049412A</key>
		<dict>
			<key>children</key>
			<array>
				<string>8C8C885118AC55190049412A</string>
			</array>
			<key>isa</key>
			<string>PBXGroup</string>
			<key>path</key>
			<string>planner</string>
			<key>sourceTree</key>
			<string>&lt;group&gt;</string>
		</dict>
		<key>8C8C885118AC55190049412A</key>
		<dict>
			<key>fileEncoding</key>
			<string>4</string>
			<key>isa</key>
			<string>PBXFileReference</string>
			<key>lastKnownFileType</key>
			<string>text.xml</string>
			<key>path</key>
			<string>the-triangle.xml</string>
			<key>sourceTree</key>
			<string>&lt;group&gt;</string>
		</dict>
		<key>8C8C885218AC55190049412A</key>
		<dict>
			<key>children</key>
			<array>
				<string>8C8C885318AC55190049412A</string>
			</array>
			<key>isa</key>
			<string>PBXGroup</string>
			<key>path</key>
			<string>s_nextbus2</string>
			<key>sourceTree</key>
			<string>&lt;group&gt;</string>
		</dict>
		<key>8C8C885318AC55190049412A</key>
		<dict>
			<key>fileEncoding</key>
			<string>4</string>
			<key>isa</key>
			<string>PBXFileReference</string>
			<key>lastKnownFileType</key>
			<string>text.xml</string>
			<key>path</key>
			<string>801-realtime.xml</string>
			<key>sourceTree</key>
			<string>&lt;group&gt;</string>
		</dict>
		<key>8C8C885418AC55190049412A</key>
		<dict>
			<key>fileRef</key>
			<string>8C8C885118AC55190049412A</string>
			<key>isa</key>
			<string>PBXBuildFile</string>
		</dict>
		<key>8C8C885518AC55190049412A</key>
		<dict>
			<key>fileRef</key>
			<string>8C8C885318AC55190049412A</string>
			<key>isa</key>
			<string>PBXBuildFile</string>
		</dict>
		<key>8C8C885E18AD21260049412A</key>
		<dict>
			<key>fileEncoding</key>
			<string>4</string>
			<key>isa</key>
			<string>PBXFileReference</string>
			<key>lastKnownFileType</key>
			<string>sourcecode.c.h</string>
			<key>path</key>
			<string>CAPNextBus.h</string>
			<key>sourceTree</key>
			<string>&lt;group&gt;</string>
		</dict>
		<key>8C8C885F18AD21260049412A</key>
		<dict>
			<key>fileEncoding</key>
			<string>4</string>
			<key>isa</key>
			<string>PBXFileReference</string>
			<key>lastKnownFileType</key>
			<string>sourcecode.c.objc</string>
			<key>path</key>
			<string>CAPNextBus.m</string>
			<key>sourceTree</key>
			<string>&lt;group&gt;</string>
		</dict>
		<key>8C8C886018AD21260049412A</key>
		<dict>
			<key>fileRef</key>
			<string>8C8C885F18AD21260049412A</string>
			<key>isa</key>
			<string>PBXBuildFile</string>
		</dict>
		<key>8C8C886118AD21260049412A</key>
		<dict>
			<key>fileRef</key>
			<string>8C8C885F18AD21260049412A</string>
			<key>isa</key>
			<string>PBXBuildFile</string>
		</dict>
		<key>8CC6AA3318A80D410026337D</key>
		<dict>
			<key>children</key>
			<array>
				<string>8CC6AA4518A80D410026337D</string>
				<string>8CC6AA6418A80D410026337D</string>
				<string>8CC6AA3E18A80D410026337D</string>
				<string>8CC6AA3D18A80D410026337D</string>
				<string>6210B8A4BFD84DD19523080F</string>
			</array>
			<key>isa</key>
			<string>PBXGroup</string>
			<key>sourceTree</key>
			<string>&lt;group&gt;</string>
		</dict>
		<key>8CC6AA3418A80D410026337D</key>
		<dict>
			<key>attributes</key>
			<dict>
				<key>LastUpgradeCheck</key>
				<string>0500</string>
				<key>ORGANIZATIONNAME</key>
				<string>Luq</string>
				<key>TargetAttributes</key>
				<dict>
					<key>8CC6AA5C18A80D410026337D</key>
					<dict>
						<key>TestTargetID</key>
						<string>8CC6AA3B18A80D410026337D</string>
					</dict>
				</dict>
			</dict>
			<key>buildConfigurationList</key>
			<string>8CC6AA3718A80D410026337D</string>
			<key>compatibilityVersion</key>
			<string>Xcode 3.2</string>
			<key>developmentRegion</key>
			<string>English</string>
			<key>hasScannedForEncodings</key>
			<string>0</string>
			<key>isa</key>
			<string>PBXProject</string>
			<key>knownRegions</key>
			<array>
				<string>en</string>
				<string>Base</string>
			</array>
			<key>mainGroup</key>
			<string>8CC6AA3318A80D410026337D</string>
			<key>productRefGroup</key>
			<string>8CC6AA3D18A80D410026337D</string>
			<key>projectDirPath</key>
			<string></string>
			<key>projectReferences</key>
			<array/>
			<key>projectRoot</key>
			<string></string>
			<key>targets</key>
			<array>
				<string>8CC6AA3B18A80D410026337D</string>
				<string>8CC6AA5C18A80D410026337D</string>
			</array>
		</dict>
		<key>8CC6AA3718A80D410026337D</key>
		<dict>
			<key>buildConfigurations</key>
			<array>
				<string>8CC6AA6C18A80D410026337D</string>
				<string>8CC6AA6D18A80D410026337D</string>
			</array>
			<key>defaultConfigurationIsVisible</key>
			<string>0</string>
			<key>defaultConfigurationName</key>
			<string>Release</string>
			<key>isa</key>
			<string>XCConfigurationList</string>
		</dict>
		<key>8CC6AA3818A80D410026337D</key>
		<dict>
			<key>buildActionMask</key>
			<string>2147483647</string>
			<key>files</key>
			<array>
				<string>8C4A8D2118ADC0AC0056A9EA</string>
				<string>8CC6AA5018A80D410026337D</string>
				<string>8CC6AAB518A87C490026337D</string>
				<string>8CC6AAAA18A86EB40026337D</string>
				<string>8CC6AACA18A88F0D0026337D</string>
				<string>8C8C886018AD21260049412A</string>
				<string>8C4A8D2518ADC11E0056A9EA</string>
				<string>8CC6AA4C18A80D410026337D</string>
				<string>8C4A8D1D18ADBDF90056A9EA</string>
				<string>8C1D919A18A9E40500AB498A</string>
				<string>8CC6AAB918A880310026337D</string>
				<string>8CC6AAC618A88EFF0026337D</string>
			</array>
			<key>isa</key>
			<string>PBXSourcesBuildPhase</string>
			<key>runOnlyForDeploymentPostprocessing</key>
			<string>0</string>
		</dict>
		<key>8CC6AA3918A80D410026337D</key>
		<dict>
			<key>buildActionMask</key>
			<string>2147483647</string>
			<key>files</key>
			<array>
				<string>8CC6AAAF18A87ABF0026337D</string>
				<string>8CC6AAAD18A86F890026337D</string>
				<string>8CC6AA4218A80D410026337D</string>
				<string>8CC6AA4418A80D410026337D</string>
				<string>8CC6AA4018A80D410026337D</string>
				<string>E0BB735F7CEB42B5A456003F</string>
			</array>
			<key>isa</key>
			<string>PBXFrameworksBuildPhase</string>
			<key>runOnlyForDeploymentPostprocessing</key>
			<string>0</string>
		</dict>
		<key>8CC6AA3A18A80D410026337D</key>
		<dict>
			<key>buildActionMask</key>
			<string>2147483647</string>
			<key>files</key>
			<array>
				<string>8CC6AA5818A80D410026337D</string>
				<string>8CC6AAC118A887840026337D</string>
				<string>8CC6AA4A18A80D410026337D</string>
				<string>8CC6AA5318A80D410026337D</string>
			</array>
			<key>isa</key>
			<string>PBXResourcesBuildPhase</string>
			<key>runOnlyForDeploymentPostprocessing</key>
			<string>0</string>
		</dict>
		<key>8CC6AA3B18A80D410026337D</key>
		<dict>
			<key>buildConfigurationList</key>
			<string>8CC6AA6E18A80D410026337D</string>
			<key>buildPhases</key>
			<array>
				<string>B8A85A85CFE348C6A7CC4D01</string>
				<string>8CC6AA3818A80D410026337D</string>
				<string>8CC6AA3918A80D410026337D</string>
				<string>8CC6AA3A18A80D410026337D</string>
				<string>9961B348430F4F0392C4AF6C</string>
			</array>
			<key>buildRules</key>
			<array/>
			<key>dependencies</key>
			<array/>
			<key>isa</key>
			<string>PBXNativeTarget</string>
			<key>name</key>
			<string>CapMetro</string>
			<key>productName</key>
			<string>CapMetro</string>
			<key>productReference</key>
			<string>8CC6AA3C18A80D410026337D</string>
			<key>productType</key>
			<string>com.apple.product-type.application</string>
		</dict>
		<key>8CC6AA3C18A80D410026337D</key>
		<dict>
			<key>explicitFileType</key>
			<string>wrapper.application</string>
			<key>includeInIndex</key>
			<string>0</string>
			<key>isa</key>
			<string>PBXFileReference</string>
			<key>path</key>
			<string>CapMetro.app</string>
			<key>sourceTree</key>
			<string>BUILT_PRODUCTS_DIR</string>
		</dict>
		<key>8CC6AA3D18A80D410026337D</key>
		<dict>
			<key>children</key>
			<array>
				<string>8CC6AA3C18A80D410026337D</string>
				<string>8CC6AA5D18A80D410026337D</string>
			</array>
			<key>isa</key>
			<string>PBXGroup</string>
			<key>name</key>
			<string>Products</string>
			<key>sourceTree</key>
			<string>&lt;group&gt;</string>
		</dict>
		<key>8CC6AA3E18A80D410026337D</key>
		<dict>
			<key>children</key>
			<array>
				<string>8CC6AAAE18A87ABF0026337D</string>
				<string>8CC6AAAC18A86F890026337D</string>
				<string>8CC6AA9C18A868380026337D</string>
				<string>8CC6AA3F18A80D410026337D</string>
				<string>8CC6AA4118A80D410026337D</string>
				<string>8CC6AA4318A80D410026337D</string>
				<string>8CC6AA5E18A80D410026337D</string>
				<string>31349DB35E48444C880A4972</string>
			</array>
			<key>isa</key>
			<string>PBXGroup</string>
			<key>name</key>
			<string>Frameworks</string>
			<key>sourceTree</key>
			<string>&lt;group&gt;</string>
		</dict>
		<key>8CC6AA3F18A80D410026337D</key>
		<dict>
			<key>isa</key>
			<string>PBXFileReference</string>
			<key>lastKnownFileType</key>
			<string>wrapper.framework</string>
			<key>name</key>
			<string>Foundation.framework</string>
			<key>path</key>
			<string>System/Library/Frameworks/Foundation.framework</string>
			<key>sourceTree</key>
			<string>SDKROOT</string>
		</dict>
		<key>8CC6AA4018A80D410026337D</key>
		<dict>
			<key>fileRef</key>
			<string>8CC6AA3F18A80D410026337D</string>
			<key>isa</key>
			<string>PBXBuildFile</string>
		</dict>
		<key>8CC6AA4118A80D410026337D</key>
		<dict>
			<key>isa</key>
			<string>PBXFileReference</string>
			<key>lastKnownFileType</key>
			<string>wrapper.framework</string>
			<key>name</key>
			<string>CoreGraphics.framework</string>
			<key>path</key>
			<string>System/Library/Frameworks/CoreGraphics.framework</string>
			<key>sourceTree</key>
			<string>SDKROOT</string>
		</dict>
		<key>8CC6AA4218A80D410026337D</key>
		<dict>
			<key>fileRef</key>
			<string>8CC6AA4118A80D410026337D</string>
			<key>isa</key>
			<string>PBXBuildFile</string>
		</dict>
		<key>8CC6AA4318A80D410026337D</key>
		<dict>
			<key>isa</key>
			<string>PBXFileReference</string>
			<key>lastKnownFileType</key>
			<string>wrapper.framework</string>
			<key>name</key>
			<string>UIKit.framework</string>
			<key>path</key>
			<string>System/Library/Frameworks/UIKit.framework</string>
			<key>sourceTree</key>
			<string>SDKROOT</string>
		</dict>
		<key>8CC6AA4418A80D410026337D</key>
		<dict>
			<key>fileRef</key>
			<string>8CC6AA4318A80D410026337D</string>
			<key>isa</key>
			<string>PBXBuildFile</string>
		</dict>
		<key>8CC6AA4518A80D410026337D</key>
		<dict>
			<key>children</key>
			<array>
				<string>8CC6AAC318A88DF60026337D</string>
				<string>8CC6AABE18A881910026337D</string>
				<string>8CC6AA9F18A86E0E0026337D</string>
				<string>8CC6AA9E18A86E060026337D</string>
				<string>8CC6AA4E18A80D410026337D</string>
				<string>8CC6AA4F18A80D410026337D</string>
				<string>8CC6AA5118A80D410026337D</string>
				<string>8CC6AA5718A80D410026337D</string>
				<string>8CC6AA4618A80D410026337D</string>
			</array>
			<key>isa</key>
			<string>PBXGroup</string>
			<key>path</key>
			<string>CapMetro</string>
			<key>sourceTree</key>
			<string>&lt;group&gt;</string>
		</dict>
		<key>8CC6AA4618A80D410026337D</key>
		<dict>
			<key>children</key>
			<array>
				<string>8CC6AA4718A80D410026337D</string>
				<string>8CC6AA4818A80D410026337D</string>
				<string>8CC6AA4B18A80D410026337D</string>
				<string>8CC6AA4D18A80D410026337D</string>
			</array>
			<key>isa</key>
			<string>PBXGroup</string>
			<key>name</key>
			<string>Supporting Files</string>
			<key>sourceTree</key>
			<string>&lt;group&gt;</string>
		</dict>
		<key>8CC6AA4718A80D410026337D</key>
		<dict>
			<key>isa</key>
			<string>PBXFileReference</string>
			<key>lastKnownFileType</key>
			<string>text.plist.xml</string>
			<key>path</key>
			<string>CapMetro-Info.plist</string>
			<key>sourceTree</key>
			<string>&lt;group&gt;</string>
		</dict>
		<key>8CC6AA4818A80D410026337D</key>
		<dict>
			<key>children</key>
			<array>
				<string>8CC6AA4918A80D410026337D</string>
			</array>
			<key>isa</key>
			<string>PBXVariantGroup</string>
			<key>name</key>
			<string>InfoPlist.strings</string>
			<key>sourceTree</key>
			<string>&lt;group&gt;</string>
		</dict>
		<key>8CC6AA4918A80D410026337D</key>
		<dict>
			<key>isa</key>
			<string>PBXFileReference</string>
			<key>lastKnownFileType</key>
			<string>text.plist.strings</string>
			<key>name</key>
			<string>en</string>
			<key>path</key>
			<string>en.lproj/InfoPlist.strings</string>
			<key>sourceTree</key>
			<string>&lt;group&gt;</string>
		</dict>
		<key>8CC6AA4A18A80D410026337D</key>
		<dict>
			<key>fileRef</key>
			<string>8CC6AA4818A80D410026337D</string>
			<key>isa</key>
			<string>PBXBuildFile</string>
		</dict>
		<key>8CC6AA4B18A80D410026337D</key>
		<dict>
			<key>isa</key>
			<string>PBXFileReference</string>
			<key>lastKnownFileType</key>
			<string>sourcecode.c.objc</string>
			<key>path</key>
			<string>main.m</string>
			<key>sourceTree</key>
			<string>&lt;group&gt;</string>
		</dict>
		<key>8CC6AA4C18A80D410026337D</key>
		<dict>
			<key>fileRef</key>
			<string>8CC6AA4B18A80D410026337D</string>
			<key>isa</key>
			<string>PBXBuildFile</string>
		</dict>
		<key>8CC6AA4D18A80D410026337D</key>
		<dict>
			<key>isa</key>
			<string>PBXFileReference</string>
			<key>lastKnownFileType</key>
			<string>sourcecode.c.h</string>
			<key>path</key>
			<string>CapMetro-Prefix.pch</string>
			<key>sourceTree</key>
			<string>&lt;group&gt;</string>
		</dict>
		<key>8CC6AA4E18A80D410026337D</key>
		<dict>
			<key>isa</key>
			<string>PBXFileReference</string>
			<key>lastKnownFileType</key>
			<string>sourcecode.c.h</string>
			<key>path</key>
			<string>AppDelegate.h</string>
			<key>sourceTree</key>
			<string>&lt;group&gt;</string>
		</dict>
		<key>8CC6AA4F18A80D410026337D</key>
		<dict>
			<key>isa</key>
			<string>PBXFileReference</string>
			<key>lastKnownFileType</key>
			<string>sourcecode.c.objc</string>
			<key>path</key>
			<string>AppDelegate.m</string>
			<key>sourceTree</key>
			<string>&lt;group&gt;</string>
		</dict>
		<key>8CC6AA5018A80D410026337D</key>
		<dict>
			<key>fileRef</key>
			<string>8CC6AA4F18A80D410026337D</string>
			<key>isa</key>
			<string>PBXBuildFile</string>
		</dict>
		<key>8CC6AA5118A80D410026337D</key>
		<dict>
			<key>children</key>
			<array>
				<string>8CC6AA5218A80D410026337D</string>
			</array>
			<key>isa</key>
			<string>PBXVariantGroup</string>
			<key>name</key>
			<string>Main.storyboard</string>
			<key>sourceTree</key>
			<string>&lt;group&gt;</string>
		</dict>
		<key>8CC6AA5218A80D410026337D</key>
		<dict>
			<key>isa</key>
			<string>PBXFileReference</string>
			<key>lastKnownFileType</key>
			<string>file.storyboard</string>
			<key>name</key>
			<string>Base</string>
			<key>path</key>
			<string>Base.lproj/Main.storyboard</string>
			<key>sourceTree</key>
			<string>&lt;group&gt;</string>
		</dict>
		<key>8CC6AA5318A80D410026337D</key>
		<dict>
			<key>fileRef</key>
			<string>8CC6AA5118A80D410026337D</string>
			<key>isa</key>
			<string>PBXBuildFile</string>
		</dict>
		<key>8CC6AA5718A80D410026337D</key>
		<dict>
			<key>isa</key>
			<string>PBXFileReference</string>
			<key>lastKnownFileType</key>
			<string>folder.assetcatalog</string>
			<key>path</key>
			<string>Images.xcassets</string>
			<key>sourceTree</key>
			<string>&lt;group&gt;</string>
		</dict>
		<key>8CC6AA5818A80D410026337D</key>
		<dict>
			<key>fileRef</key>
			<string>8CC6AA5718A80D410026337D</string>
			<key>isa</key>
			<string>PBXBuildFile</string>
		</dict>
		<key>8CC6AA5918A80D410026337D</key>
		<dict>
			<key>buildActionMask</key>
			<string>2147483647</string>
			<key>files</key>
			<array>
				<string>8CC6AAC718A88EFF0026337D</string>
				<string>8C4A8D2218ADC0AC0056A9EA</string>
				<string>8C1D919B18A9E40500AB498A</string>
				<string>8CC6AA6B18A80D410026337D</string>
				<string>8C4A8D1E18ADBDF90056A9EA</string>
				<string>8CC6AACB18A88F0D0026337D</string>
				<string>8C4A8D2618ADC11E0056A9EA</string>
				<string>8C8C886118AD21260049412A</string>
				<string>8CC6AABA18A880310026337D</string>
				<string>8CC6AAB618A87C490026337D</string>
				<string>8CC6AAAB18A86EB40026337D</string>
			</array>
			<key>isa</key>
			<string>PBXSourcesBuildPhase</string>
			<key>runOnlyForDeploymentPostprocessing</key>
			<string>0</string>
		</dict>
		<key>8CC6AA5A18A80D410026337D</key>
		<dict>
			<key>buildActionMask</key>
			<string>2147483647</string>
			<key>files</key>
			<array>
				<string>8CC6AA5F18A80D410026337D</string>
				<string>8CC6AA6118A80D410026337D</string>
				<string>8CC6AA6018A80D410026337D</string>
				<string>EAA629DE808A45D9BA9244F4</string>
			</array>
			<key>isa</key>
			<string>PBXFrameworksBuildPhase</string>
			<key>runOnlyForDeploymentPostprocessing</key>
			<string>0</string>
		</dict>
		<key>8CC6AA5B18A80D410026337D</key>
		<dict>
			<key>buildActionMask</key>
			<string>2147483647</string>
			<key>files</key>
			<array>
				<string>8C8C885518AC55190049412A</string>
				<string>8CC6AA6918A80D410026337D</string>
				<string>8C8C885418AC55190049412A</string>
				<string>8CC6AAC218A887840026337D</string>
			</array>
			<key>isa</key>
			<string>PBXResourcesBuildPhase</string>
			<key>runOnlyForDeploymentPostprocessing</key>
			<string>0</string>
		</dict>
		<key>8CC6AA5C18A80D410026337D</key>
		<dict>
			<key>buildConfigurationList</key>
			<string>8CC6AA7118A80D410026337D</string>
			<key>buildPhases</key>
			<array>
				<string>CDDCAA6376024AA68EA9781A</string>
				<string>8CC6AA5918A80D410026337D</string>
				<string>8CC6AA5A18A80D410026337D</string>
				<string>8CC6AA5B18A80D410026337D</string>
				<string>D8F4BD2C8D694549987F1592</string>
			</array>
			<key>buildRules</key>
			<array/>
			<key>dependencies</key>
			<array>
				<string>8CC6AA6318A80D410026337D</string>
			</array>
			<key>isa</key>
			<string>PBXNativeTarget</string>
			<key>name</key>
			<string>CapMetroTests</string>
			<key>productName</key>
			<string>CapMetroTests</string>
			<key>productReference</key>
			<string>8CC6AA5D18A80D410026337D</string>
			<key>productType</key>
			<string>com.apple.product-type.bundle.unit-test</string>
		</dict>
		<key>8CC6AA5D18A80D410026337D</key>
		<dict>
			<key>explicitFileType</key>
			<string>wrapper.cfbundle</string>
			<key>includeInIndex</key>
			<string>0</string>
			<key>isa</key>
			<string>PBXFileReference</string>
			<key>path</key>
			<string>CapMetroTests.xctest</string>
			<key>sourceTree</key>
			<string>BUILT_PRODUCTS_DIR</string>
		</dict>
		<key>8CC6AA5E18A80D410026337D</key>
		<dict>
			<key>isa</key>
			<string>PBXFileReference</string>
			<key>lastKnownFileType</key>
			<string>wrapper.framework</string>
			<key>name</key>
			<string>XCTest.framework</string>
			<key>path</key>
			<string>Library/Frameworks/XCTest.framework</string>
			<key>sourceTree</key>
			<string>DEVELOPER_DIR</string>
		</dict>
		<key>8CC6AA5F18A80D410026337D</key>
		<dict>
			<key>fileRef</key>
			<string>8CC6AA5E18A80D410026337D</string>
			<key>isa</key>
			<string>PBXBuildFile</string>
		</dict>
		<key>8CC6AA6018A80D410026337D</key>
		<dict>
			<key>fileRef</key>
			<string>8CC6AA3F18A80D410026337D</string>
			<key>isa</key>
			<string>PBXBuildFile</string>
		</dict>
		<key>8CC6AA6118A80D410026337D</key>
		<dict>
			<key>fileRef</key>
			<string>8CC6AA4318A80D410026337D</string>
			<key>isa</key>
			<string>PBXBuildFile</string>
		</dict>
		<key>8CC6AA6218A80D410026337D</key>
		<dict>
			<key>containerPortal</key>
			<string>8CC6AA3418A80D410026337D</string>
			<key>isa</key>
			<string>PBXContainerItemProxy</string>
			<key>proxyType</key>
			<string>1</string>
			<key>remoteGlobalIDString</key>
			<string>8CC6AA3B18A80D410026337D</string>
			<key>remoteInfo</key>
			<string>CapMetro</string>
		</dict>
		<key>8CC6AA6318A80D410026337D</key>
		<dict>
			<key>isa</key>
			<string>PBXTargetDependency</string>
			<key>target</key>
			<string>8CC6AA3B18A80D410026337D</string>
			<key>targetProxy</key>
			<string>8CC6AA6218A80D410026337D</string>
		</dict>
		<key>8CC6AA6418A80D410026337D</key>
		<dict>
			<key>children</key>
			<array>
				<string>8C8C884F18AC4A170049412A</string>
				<string>8CC6AA6A18A80D410026337D</string>
				<string>8CC6AA6518A80D410026337D</string>
			</array>
			<key>isa</key>
			<string>PBXGroup</string>
			<key>path</key>
			<string>CapMetroTests</string>
			<key>sourceTree</key>
			<string>&lt;group&gt;</string>
		</dict>
		<key>8CC6AA6518A80D410026337D</key>
		<dict>
			<key>children</key>
			<array>
				<string>8CC6AA6618A80D410026337D</string>
				<string>8CC6AA6718A80D410026337D</string>
			</array>
			<key>isa</key>
			<string>PBXGroup</string>
			<key>name</key>
			<string>Supporting Files</string>
			<key>sourceTree</key>
			<string>&lt;group&gt;</string>
		</dict>
		<key>8CC6AA6618A80D410026337D</key>
		<dict>
			<key>isa</key>
			<string>PBXFileReference</string>
			<key>lastKnownFileType</key>
			<string>text.plist.xml</string>
			<key>path</key>
			<string>CapMetroTests-Info.plist</string>
			<key>sourceTree</key>
			<string>&lt;group&gt;</string>
		</dict>
		<key>8CC6AA6718A80D410026337D</key>
		<dict>
			<key>children</key>
			<array>
				<string>8CC6AA6818A80D410026337D</string>
			</array>
			<key>isa</key>
			<string>PBXVariantGroup</string>
			<key>name</key>
			<string>InfoPlist.strings</string>
			<key>sourceTree</key>
			<string>&lt;group&gt;</string>
		</dict>
		<key>8CC6AA6818A80D410026337D</key>
		<dict>
			<key>isa</key>
			<string>PBXFileReference</string>
			<key>lastKnownFileType</key>
			<string>text.plist.strings</string>
			<key>name</key>
			<string>en</string>
			<key>path</key>
			<string>en.lproj/InfoPlist.strings</string>
			<key>sourceTree</key>
			<string>&lt;group&gt;</string>
		</dict>
		<key>8CC6AA6918A80D410026337D</key>
		<dict>
			<key>fileRef</key>
			<string>8CC6AA6718A80D410026337D</string>
			<key>isa</key>
			<string>PBXBuildFile</string>
		</dict>
		<key>8CC6AA6A18A80D410026337D</key>
		<dict>
			<key>isa</key>
			<string>PBXFileReference</string>
			<key>lastKnownFileType</key>
			<string>sourcecode.c.objc</string>
			<key>path</key>
			<string>CapMetroTests.m</string>
			<key>sourceTree</key>
			<string>&lt;group&gt;</string>
		</dict>
		<key>8CC6AA6B18A80D410026337D</key>
		<dict>
			<key>fileRef</key>
			<string>8CC6AA6A18A80D410026337D</string>
			<key>isa</key>
			<string>PBXBuildFile</string>
		</dict>
		<key>8CC6AA6C18A80D410026337D</key>
		<dict>
			<key>buildSettings</key>
			<dict>
				<key>ALWAYS_SEARCH_USER_PATHS</key>
				<string>NO</string>
				<key>ARCHS</key>
				<string>$(ARCHS_STANDARD_INCLUDING_64_BIT)</string>
				<key>CLANG_CXX_LANGUAGE_STANDARD</key>
				<string>gnu++0x</string>
				<key>CLANG_CXX_LIBRARY</key>
				<string>libc++</string>
				<key>CLANG_ENABLE_MODULES</key>
				<string>YES</string>
				<key>CLANG_ENABLE_OBJC_ARC</key>
				<string>YES</string>
				<key>CLANG_WARN_BOOL_CONVERSION</key>
				<string>YES</string>
				<key>CLANG_WARN_CONSTANT_CONVERSION</key>
				<string>YES</string>
				<key>CLANG_WARN_DIRECT_OBJC_ISA_USAGE</key>
				<string>YES_ERROR</string>
				<key>CLANG_WARN_EMPTY_BODY</key>
				<string>YES</string>
				<key>CLANG_WARN_ENUM_CONVERSION</key>
				<string>YES</string>
				<key>CLANG_WARN_INT_CONVERSION</key>
				<string>YES</string>
				<key>CLANG_WARN_OBJC_ROOT_CLASS</key>
				<string>YES_ERROR</string>
				<key>CLANG_WARN__DUPLICATE_METHOD_MATCH</key>
				<string>YES</string>
				<key>CODE_SIGN_IDENTITY[sdk=iphoneos*]</key>
				<string>iPhone Developer</string>
				<key>COPY_PHASE_STRIP</key>
				<string>NO</string>
				<key>GCC_C_LANGUAGE_STANDARD</key>
				<string>gnu99</string>
				<key>GCC_DYNAMIC_NO_PIC</key>
				<string>NO</string>
				<key>GCC_OPTIMIZATION_LEVEL</key>
				<string>0</string>
				<key>GCC_PREPROCESSOR_DEFINITIONS</key>
				<array>
					<string>DEBUG=1</string>
					<string>$(inherited)</string>
				</array>
				<key>GCC_SYMBOLS_PRIVATE_EXTERN</key>
				<string>NO</string>
				<key>GCC_WARN_64_TO_32_BIT_CONVERSION</key>
				<string>YES</string>
				<key>GCC_WARN_ABOUT_RETURN_TYPE</key>
				<string>YES_ERROR</string>
				<key>GCC_WARN_UNDECLARED_SELECTOR</key>
				<string>YES</string>
				<key>GCC_WARN_UNINITIALIZED_AUTOS</key>
				<string>YES</string>
				<key>GCC_WARN_UNUSED_FUNCTION</key>
				<string>YES</string>
				<key>GCC_WARN_UNUSED_VARIABLE</key>
				<string>YES</string>
				<key>IPHONEOS_DEPLOYMENT_TARGET</key>
				<string>7.0</string>
				<key>ONLY_ACTIVE_ARCH</key>
				<string>YES</string>
				<key>SDKROOT</key>
				<string>iphoneos</string>
			</dict>
			<key>isa</key>
			<string>XCBuildConfiguration</string>
			<key>name</key>
			<string>Debug</string>
		</dict>
		<key>8CC6AA6D18A80D410026337D</key>
		<dict>
			<key>buildSettings</key>
			<dict>
				<key>ALWAYS_SEARCH_USER_PATHS</key>
				<string>NO</string>
				<key>ARCHS</key>
				<string>$(ARCHS_STANDARD_INCLUDING_64_BIT)</string>
				<key>CLANG_CXX_LANGUAGE_STANDARD</key>
				<string>gnu++0x</string>
				<key>CLANG_CXX_LIBRARY</key>
				<string>libc++</string>
				<key>CLANG_ENABLE_MODULES</key>
				<string>YES</string>
				<key>CLANG_ENABLE_OBJC_ARC</key>
				<string>YES</string>
				<key>CLANG_WARN_BOOL_CONVERSION</key>
				<string>YES</string>
				<key>CLANG_WARN_CONSTANT_CONVERSION</key>
				<string>YES</string>
				<key>CLANG_WARN_DIRECT_OBJC_ISA_USAGE</key>
				<string>YES_ERROR</string>
				<key>CLANG_WARN_EMPTY_BODY</key>
				<string>YES</string>
				<key>CLANG_WARN_ENUM_CONVERSION</key>
				<string>YES</string>
				<key>CLANG_WARN_INT_CONVERSION</key>
				<string>YES</string>
				<key>CLANG_WARN_OBJC_ROOT_CLASS</key>
				<string>YES_ERROR</string>
				<key>CLANG_WARN__DUPLICATE_METHOD_MATCH</key>
				<string>YES</string>
				<key>CODE_SIGN_IDENTITY[sdk=iphoneos*]</key>
				<string>iPhone Developer</string>
				<key>COPY_PHASE_STRIP</key>
				<string>YES</string>
				<key>ENABLE_NS_ASSERTIONS</key>
				<string>NO</string>
				<key>GCC_C_LANGUAGE_STANDARD</key>
				<string>gnu99</string>
				<key>GCC_WARN_64_TO_32_BIT_CONVERSION</key>
				<string>YES</string>
				<key>GCC_WARN_ABOUT_RETURN_TYPE</key>
				<string>YES_ERROR</string>
				<key>GCC_WARN_UNDECLARED_SELECTOR</key>
				<string>YES</string>
				<key>GCC_WARN_UNINITIALIZED_AUTOS</key>
				<string>YES</string>
				<key>GCC_WARN_UNUSED_FUNCTION</key>
				<string>YES</string>
				<key>GCC_WARN_UNUSED_VARIABLE</key>
				<string>YES</string>
				<key>IPHONEOS_DEPLOYMENT_TARGET</key>
				<string>7.0</string>
				<key>SDKROOT</key>
				<string>iphoneos</string>
				<key>VALIDATE_PRODUCT</key>
				<string>YES</string>
			</dict>
			<key>isa</key>
			<string>XCBuildConfiguration</string>
			<key>name</key>
			<string>Release</string>
		</dict>
		<key>8CC6AA6E18A80D410026337D</key>
		<dict>
			<key>buildConfigurations</key>
			<array>
				<string>8CC6AA6F18A80D410026337D</string>
				<string>8CC6AA7018A80D410026337D</string>
			</array>
			<key>defaultConfigurationIsVisible</key>
			<string>0</string>
			<key>defaultConfigurationName</key>
			<string>Release</string>
			<key>isa</key>
			<string>XCConfigurationList</string>
		</dict>
		<key>8CC6AA6F18A80D410026337D</key>
		<dict>
			<key>baseConfigurationReference</key>
			<string>6210B8A4BFD84DD19523080F</string>
			<key>buildSettings</key>
			<dict>
				<key>ASSETCATALOG_COMPILER_APPICON_NAME</key>
				<string>AppIcon</string>
				<key>ASSETCATALOG_COMPILER_LAUNCHIMAGE_NAME</key>
				<string>LaunchImage</string>
				<key>GCC_PRECOMPILE_PREFIX_HEADER</key>
				<string>YES</string>
				<key>GCC_PREFIX_HEADER</key>
				<string>CapMetro/CapMetro-Prefix.pch</string>
				<key>HEADER_SEARCH_PATHS</key>
				<array>
					<string>"${PODS_ROOT}/Headers"</string>
					<string>"${PODS_ROOT}/Headers/ReactiveCocoa"</string>
					<string>"${PODS_ROOT}/Headers/ReactiveCocoa/ReactiveCocoa"</string>
					<string>"$(BUILD_ROOT)/../IntermediateBuildFilesPath/UninstalledProducts/include"</string>
					<string>$(inherited)</string>
				</array>
				<key>INFOPLIST_FILE</key>
				<string>CapMetro/CapMetro-Info.plist</string>
				<key>OTHER_LDFLAGS</key>
				<string>$(inherited)</string>
				<key>PRODUCT_NAME</key>
				<string>$(TARGET_NAME)</string>
				<key>WRAPPER_EXTENSION</key>
				<string>app</string>
			</dict>
			<key>isa</key>
			<string>XCBuildConfiguration</string>
			<key>name</key>
			<string>Debug</string>
		</dict>
		<key>8CC6AA7018A80D410026337D</key>
		<dict>
			<key>baseConfigurationReference</key>
			<string>6210B8A4BFD84DD19523080F</string>
			<key>buildSettings</key>
			<dict>
				<key>ASSETCATALOG_COMPILER_APPICON_NAME</key>
				<string>AppIcon</string>
				<key>ASSETCATALOG_COMPILER_LAUNCHIMAGE_NAME</key>
				<string>LaunchImage</string>
				<key>GCC_PRECOMPILE_PREFIX_HEADER</key>
				<string>YES</string>
				<key>GCC_PREFIX_HEADER</key>
				<string>CapMetro/CapMetro-Prefix.pch</string>
				<key>HEADER_SEARCH_PATHS</key>
				<array>
					<string>"${PODS_ROOT}/Headers"</string>
					<string>"${PODS_ROOT}/Headers/ReactiveCocoa"</string>
					<string>"${PODS_ROOT}/Headers/ReactiveCocoa/ReactiveCocoa"</string>
					<string>"$(BUILD_ROOT)/../IntermediateBuildFilesPath/UninstalledProducts/include"</string>
					<string>$(inherited)</string>
				</array>
				<key>INFOPLIST_FILE</key>
				<string>CapMetro/CapMetro-Info.plist</string>
				<key>OTHER_LDFLAGS</key>
				<string>$(inherited)</string>
				<key>PRODUCT_NAME</key>
				<string>$(TARGET_NAME)</string>
				<key>WRAPPER_EXTENSION</key>
				<string>app</string>
			</dict>
			<key>isa</key>
			<string>XCBuildConfiguration</string>
			<key>name</key>
			<string>Release</string>
		</dict>
		<key>8CC6AA7118A80D410026337D</key>
		<dict>
			<key>buildConfigurations</key>
			<array>
				<string>8CC6AA7218A80D410026337D</string>
				<string>8CC6AA7318A80D410026337D</string>
			</array>
			<key>defaultConfigurationIsVisible</key>
			<string>0</string>
			<key>defaultConfigurationName</key>
			<string>Release</string>
			<key>isa</key>
			<string>XCConfigurationList</string>
		</dict>
		<key>8CC6AA7218A80D410026337D</key>
		<dict>
			<key>baseConfigurationReference</key>
			<string>6210B8A4BFD84DD19523080F</string>
			<key>buildSettings</key>
			<dict>
				<key>ARCHS</key>
				<string>$(ARCHS_STANDARD_INCLUDING_64_BIT)</string>
				<key>BUNDLE_LOADER</key>
				<string>$(BUILT_PRODUCTS_DIR)/CapMetro.app/CapMetro</string>
				<key>FRAMEWORK_SEARCH_PATHS</key>
				<array>
					<string>$(SDKROOT)/Developer/Library/Frameworks</string>
					<string>$(inherited)</string>
					<string>$(DEVELOPER_FRAMEWORKS_DIR)</string>
				</array>
				<key>GCC_PRECOMPILE_PREFIX_HEADER</key>
				<string>YES</string>
				<key>GCC_PREFIX_HEADER</key>
				<string>CapMetro/CapMetro-Prefix.pch</string>
				<key>GCC_PREPROCESSOR_DEFINITIONS</key>
				<array>
					<string>DEBUG=1</string>
					<string>$(inherited)</string>
				</array>
				<key>INFOPLIST_FILE</key>
				<string>CapMetroTests/CapMetroTests-Info.plist</string>
				<key>PRODUCT_NAME</key>
				<string>$(TARGET_NAME)</string>
				<key>TEST_HOST</key>
				<string>$(BUNDLE_LOADER)</string>
				<key>WRAPPER_EXTENSION</key>
				<string>xctest</string>
			</dict>
			<key>isa</key>
			<string>XCBuildConfiguration</string>
			<key>name</key>
			<string>Debug</string>
		</dict>
		<key>8CC6AA7318A80D410026337D</key>
		<dict>
			<key>baseConfigurationReference</key>
			<string>6210B8A4BFD84DD19523080F</string>
			<key>buildSettings</key>
			<dict>
				<key>ARCHS</key>
				<string>$(ARCHS_STANDARD_INCLUDING_64_BIT)</string>
				<key>BUNDLE_LOADER</key>
				<string>$(BUILT_PRODUCTS_DIR)/CapMetro.app/CapMetro</string>
				<key>FRAMEWORK_SEARCH_PATHS</key>
				<array>
					<string>$(SDKROOT)/Developer/Library/Frameworks</string>
					<string>$(inherited)</string>
					<string>$(DEVELOPER_FRAMEWORKS_DIR)</string>
				</array>
				<key>GCC_PRECOMPILE_PREFIX_HEADER</key>
				<string>YES</string>
				<key>GCC_PREFIX_HEADER</key>
				<string>CapMetro/CapMetro-Prefix.pch</string>
				<key>INFOPLIST_FILE</key>
				<string>CapMetroTests/CapMetroTests-Info.plist</string>
				<key>PRODUCT_NAME</key>
				<string>$(TARGET_NAME)</string>
				<key>TEST_HOST</key>
				<string>$(BUNDLE_LOADER)</string>
				<key>WRAPPER_EXTENSION</key>
				<string>xctest</string>
			</dict>
			<key>isa</key>
			<string>XCBuildConfiguration</string>
			<key>name</key>
			<string>Release</string>
		</dict>
		<key>8CC6AA9C18A868380026337D</key>
		<dict>
			<key>isa</key>
			<string>PBXFileReference</string>
			<key>lastKnownFileType</key>
			<string>archive.ar</string>
			<key>name</key>
			<string>libReactiveCocoa-iOS.a</string>
			<key>path</key>
			<string>ReactiveCocoa/ReactiveCocoaFramework/build/Debug-iphoneos/libReactiveCocoa-iOS.a</string>
			<key>sourceTree</key>
			<string>&lt;group&gt;</string>
		</dict>
		<key>8CC6AA9E18A86E060026337D</key>
		<dict>
			<key>children</key>
			<array>
				<string>8CC6AAA818A86EB40026337D</string>
				<string>8CC6AAA918A86EB40026337D</string>
				<string>8CC6AAB718A880310026337D</string>
				<string>8CC6AAB818A880310026337D</string>
				<string>8C1D919818A9E40500AB498A</string>
				<string>8C1D919918A9E40500AB498A</string>
			</array>
			<key>isa</key>
			<string>PBXGroup</string>
			<key>name</key>
			<string>Controllers</string>
			<key>sourceTree</key>
			<string>&lt;group&gt;</string>
		</dict>
		<key>8CC6AA9F18A86E0E0026337D</key>
		<dict>
			<key>children</key>
			<array>
				<string>8CC6AAB318A87C490026337D</string>
				<string>8CC6AAB418A87C490026337D</string>
				<string>8C8C885E18AD21260049412A</string>
				<string>8C8C885F18AD21260049412A</string>
				<string>8C4A8D1B18ADBDF90056A9EA</string>
				<string>8C4A8D1C18ADBDF90056A9EA</string>
				<string>8C4A8D1F18ADC0AC0056A9EA</string>
				<string>8C4A8D2018ADC0AC0056A9EA</string>
				<string>8C4A8D2318ADC11E0056A9EA</string>
				<string>8C4A8D2418ADC11E0056A9EA</string>
			</array>
			<key>isa</key>
			<string>PBXGroup</string>
			<key>name</key>
			<string>Models</string>
			<key>sourceTree</key>
			<string>&lt;group&gt;</string>
		</dict>
		<key>8CC6AAA818A86EB40026337D</key>
		<dict>
			<key>fileEncoding</key>
			<string>4</string>
			<key>isa</key>
			<string>PBXFileReference</string>
			<key>lastKnownFileType</key>
			<string>sourcecode.c.h</string>
			<key>path</key>
			<string>CMMainViewController.h</string>
			<key>sourceTree</key>
			<string>&lt;group&gt;</string>
		</dict>
		<key>8CC6AAA918A86EB40026337D</key>
		<dict>
			<key>fileEncoding</key>
			<string>4</string>
			<key>isa</key>
			<string>PBXFileReference</string>
			<key>lastKnownFileType</key>
			<string>sourcecode.c.objc</string>
			<key>path</key>
			<string>CMMainViewController.m</string>
			<key>sourceTree</key>
			<string>&lt;group&gt;</string>
		</dict>
		<key>8CC6AAAA18A86EB40026337D</key>
		<dict>
			<key>fileRef</key>
			<string>8CC6AAA918A86EB40026337D</string>
			<key>isa</key>
			<string>PBXBuildFile</string>
		</dict>
		<key>8CC6AAAB18A86EB40026337D</key>
		<dict>
			<key>fileRef</key>
			<string>8CC6AAA918A86EB40026337D</string>
			<key>isa</key>
			<string>PBXBuildFile</string>
		</dict>
		<key>8CC6AAAC18A86F890026337D</key>
		<dict>
			<key>isa</key>
			<string>PBXFileReference</string>
			<key>lastKnownFileType</key>
			<string>archive.ar</string>
			<key>name</key>
			<string>libReactiveCocoa-iOS.a</string>
			<key>path</key>
			<string>ReactiveCocoa/ReactiveCocoaFramework/build/Debug-iphoneos/libReactiveCocoa-iOS.a</string>
			<key>sourceTree</key>
			<string>&lt;group&gt;</string>
		</dict>
		<key>8CC6AAAD18A86F890026337D</key>
		<dict>
			<key>fileRef</key>
			<string>8CC6AAAC18A86F890026337D</string>
			<key>isa</key>
			<string>PBXBuildFile</string>
		</dict>
		<key>8CC6AAAE18A87ABF0026337D</key>
		<dict>
			<key>isa</key>
			<string>PBXFileReference</string>
			<key>lastKnownFileType</key>
			<string>wrapper.framework</string>
			<key>name</key>
			<string>MapKit.framework</string>
			<key>path</key>
			<string>System/Library/Frameworks/MapKit.framework</string>
			<key>sourceTree</key>
			<string>SDKROOT</string>
		</dict>
		<key>8CC6AAAF18A87ABF0026337D</key>
		<dict>
			<key>fileRef</key>
			<string>8CC6AAAE18A87ABF0026337D</string>
			<key>isa</key>
			<string>PBXBuildFile</string>
		</dict>
		<key>8CC6AAB318A87C490026337D</key>
		<dict>
			<key>fileEncoding</key>
			<string>4</string>
			<key>isa</key>
			<string>PBXFileReference</string>
			<key>lastKnownFileType</key>
			<string>sourcecode.c.h</string>
			<key>path</key>
			<string>GTFSDB.h</string>
			<key>sourceTree</key>
			<string>&lt;group&gt;</string>
		</dict>
		<key>8CC6AAB418A87C490026337D</key>
		<dict>
			<key>fileEncoding</key>
			<string>4</string>
			<key>isa</key>
			<string>PBXFileReference</string>
			<key>lastKnownFileType</key>
			<string>sourcecode.c.objc</string>
			<key>path</key>
			<string>GTFSDB.m</string>
			<key>sourceTree</key>
			<string>&lt;group&gt;</string>
		</dict>
		<key>8CC6AAB518A87C490026337D</key>
		<dict>
			<key>fileRef</key>
			<string>8CC6AAB418A87C490026337D</string>
			<key>isa</key>
			<string>PBXBuildFile</string>
		</dict>
		<key>8CC6AAB618A87C490026337D</key>
		<dict>
			<key>fileRef</key>
			<string>8CC6AAB418A87C490026337D</string>
			<key>isa</key>
			<string>PBXBuildFile</string>
		</dict>
		<key>8CC6AAB718A880310026337D</key>
		<dict>
			<key>fileEncoding</key>
			<string>4</string>
			<key>isa</key>
			<string>PBXFileReference</string>
			<key>lastKnownFileType</key>
			<string>sourcecode.c.h</string>
			<key>path</key>
			<string>StopsMapViewController.h</string>
			<key>sourceTree</key>
			<string>&lt;group&gt;</string>
		</dict>
		<key>8CC6AAB818A880310026337D</key>
		<dict>
			<key>fileEncoding</key>
			<string>4</string>
			<key>isa</key>
			<string>PBXFileReference</string>
			<key>lastKnownFileType</key>
			<string>sourcecode.c.objc</string>
			<key>path</key>
			<string>StopsMapViewController.m</string>
			<key>sourceTree</key>
			<string>&lt;group&gt;</string>
		</dict>
		<key>8CC6AAB918A880310026337D</key>
		<dict>
			<key>fileRef</key>
			<string>8CC6AAB818A880310026337D</string>
			<key>isa</key>
			<string>PBXBuildFile</string>
		</dict>
		<key>8CC6AABA18A880310026337D</key>
		<dict>
			<key>fileRef</key>
			<string>8CC6AAB818A880310026337D</string>
			<key>isa</key>
			<string>PBXBuildFile</string>
		</dict>
		<key>8CC6AABE18A881910026337D</key>
		<dict>
			<key>children</key>
			<array>
				<string>8CC6AAC018A887840026337D</string>
			</array>
			<key>isa</key>
			<string>PBXGroup</string>
			<key>name</key>
			<string>Data</string>
			<key>sourceTree</key>
			<string>&lt;group&gt;</string>
		</dict>
		<key>8CC6AAC018A887840026337D</key>
		<dict>
			<key>isa</key>
			<string>PBXFileReference</string>
			<key>lastKnownFileType</key>
			<string>file</string>
			<key>name</key>
			<string>gtfs_austin.db</string>
			<key>path</key>
			<string>Data/gtfs_austin.db</string>
			<key>sourceTree</key>
			<string>&lt;group&gt;</string>
		</dict>
		<key>8CC6AAC118A887840026337D</key>
		<dict>
			<key>fileRef</key>
			<string>8CC6AAC018A887840026337D</string>
			<key>isa</key>
			<string>PBXBuildFile</string>
		</dict>
		<key>8CC6AAC218A887840026337D</key>
		<dict>
			<key>fileRef</key>
			<string>8CC6AAC018A887840026337D</string>
			<key>isa</key>
			<string>PBXBuildFile</string>
		</dict>
		<key>8CC6AAC318A88DF60026337D</key>
		<dict>
			<key>children</key>
			<array>
				<string>8CC6AAC418A88EFF0026337D</string>
				<string>8CC6AAC518A88EFF0026337D</string>
				<string>8CC6AAC818A88F0D0026337D</string>
				<string>8CC6AAC918A88F0D0026337D</string>
			</array>
			<key>isa</key>
			<string>PBXGroup</string>
			<key>name</key>
			<string>Views</string>
			<key>sourceTree</key>
			<string>&lt;group&gt;</string>
		</dict>
		<key>8CC6AAC418A88EFF0026337D</key>
		<dict>
			<key>fileEncoding</key>
			<string>4</string>
			<key>isa</key>
			<string>PBXFileReference</string>
			<key>lastKnownFileType</key>
			<string>sourcecode.c.h</string>
			<key>path</key>
			<string>StopAnnotationView.h</string>
			<key>sourceTree</key>
			<string>&lt;group&gt;</string>
		</dict>
		<key>8CC6AAC518A88EFF0026337D</key>
		<dict>
			<key>fileEncoding</key>
			<string>4</string>
			<key>isa</key>
			<string>PBXFileReference</string>
			<key>lastKnownFileType</key>
			<string>sourcecode.c.objc</string>
			<key>path</key>
			<string>StopAnnotationView.m</string>
			<key>sourceTree</key>
			<string>&lt;group&gt;</string>
		</dict>
		<key>8CC6AAC618A88EFF0026337D</key>
		<dict>
			<key>fileRef</key>
			<string>8CC6AAC518A88EFF0026337D</string>
			<key>isa</key>
			<string>PBXBuildFile</string>
		</dict>
		<key>8CC6AAC718A88EFF0026337D</key>
		<dict>
			<key>fileRef</key>
			<string>8CC6AAC518A88EFF0026337D</string>
			<key>isa</key>
			<string>PBXBuildFile</string>
		</dict>
		<key>8CC6AAC818A88F0D0026337D</key>
		<dict>
			<key>fileEncoding</key>
			<string>4</string>
			<key>isa</key>
			<string>PBXFileReference</string>
			<key>lastKnownFileType</key>
			<string>sourcecode.c.h</string>
			<key>path</key>
			<string>StopAnnotation.h</string>
			<key>sourceTree</key>
			<string>&lt;group&gt;</string>
		</dict>
		<key>8CC6AAC918A88F0D0026337D</key>
		<dict>
			<key>fileEncoding</key>
			<string>4</string>
			<key>isa</key>
			<string>PBXFileReference</string>
			<key>lastKnownFileType</key>
			<string>sourcecode.c.objc</string>
			<key>path</key>
			<string>StopAnnotation.m</string>
			<key>sourceTree</key>
			<string>&lt;group&gt;</string>
		</dict>
		<key>8CC6AACA18A88F0D0026337D</key>
		<dict>
			<key>fileRef</key>
			<string>8CC6AAC918A88F0D0026337D</string>
			<key>isa</key>
			<string>PBXBuildFile</string>
		</dict>
		<key>8CC6AACB18A88F0D0026337D</key>
		<dict>
			<key>fileRef</key>
			<string>8CC6AAC918A88F0D0026337D</string>
			<key>isa</key>
			<string>PBXBuildFile</string>
		</dict>
		<key>9961B348430F4F0392C4AF6C</key>
		<dict>
			<key>buildActionMask</key>
			<string>2147483647</string>
			<key>files</key>
			<array/>
			<key>inputPaths</key>
			<array/>
			<key>isa</key>
			<string>PBXShellScriptBuildPhase</string>
			<key>name</key>
			<string>Copy Pods Resources</string>
			<key>outputPaths</key>
			<array/>
			<key>runOnlyForDeploymentPostprocessing</key>
			<string>0</string>
			<key>shellPath</key>
			<string>/bin/sh</string>
			<key>shellScript</key>
			<string>"${SRCROOT}/Pods/Pods-CapMetro-resources.sh"
</string>
			<key>showEnvVarsInLog</key>
			<string>0</string>
		</dict>
		<key>B8A85A85CFE348C6A7CC4D01</key>
		<dict>
			<key>buildActionMask</key>
			<string>2147483647</string>
			<key>files</key>
			<array/>
			<key>inputPaths</key>
			<array/>
			<key>isa</key>
			<string>PBXShellScriptBuildPhase</string>
			<key>name</key>
			<string>Check Pods Manifest.lock</string>
			<key>outputPaths</key>
			<array/>
			<key>runOnlyForDeploymentPostprocessing</key>
			<string>0</string>
			<key>shellPath</key>
			<string>/bin/sh</string>
			<key>shellScript</key>
			<string>diff "${PODS_ROOT}/../Podfile.lock" "${PODS_ROOT}/Manifest.lock" &gt; /dev/null
if [[ $? != 0 ]] ; then
    cat &lt;&lt; EOM
error: The sandbox is not in sync with the Podfile.lock. Run 'pod install' or update your CocoaPods installation.
EOM
    exit 1
fi
</string>
			<key>showEnvVarsInLog</key>
			<string>0</string>
		</dict>
		<key>CDDCAA6376024AA68EA9781A</key>
		<dict>
			<key>buildActionMask</key>
			<string>2147483647</string>
			<key>files</key>
			<array/>
			<key>inputPaths</key>
			<array/>
			<key>isa</key>
			<string>PBXShellScriptBuildPhase</string>
			<key>name</key>
			<string>Check Pods Manifest.lock</string>
			<key>outputPaths</key>
			<array/>
			<key>runOnlyForDeploymentPostprocessing</key>
			<string>0</string>
			<key>shellPath</key>
			<string>/bin/sh</string>
			<key>shellScript</key>
			<string>diff "${PODS_ROOT}/../Podfile.lock" "${PODS_ROOT}/Manifest.lock" &gt; /dev/null
if [[ $? != 0 ]] ; then
    cat &lt;&lt; EOM
error: The sandbox is not in sync with the Podfile.lock. Run 'pod install' or update your CocoaPods installation.
EOM
    exit 1
fi
</string>
			<key>showEnvVarsInLog</key>
			<string>0</string>
		</dict>
		<key>D8F4BD2C8D694549987F1592</key>
		<dict>
			<key>buildActionMask</key>
			<string>2147483647</string>
			<key>files</key>
			<array/>
			<key>inputPaths</key>
			<array/>
			<key>isa</key>
			<string>PBXShellScriptBuildPhase</string>
			<key>name</key>
			<string>Copy Pods Resources</string>
			<key>outputPaths</key>
			<array/>
			<key>runOnlyForDeploymentPostprocessing</key>
			<string>0</string>
			<key>shellPath</key>
			<string>/bin/sh</string>
			<key>shellScript</key>
			<string>"${SRCROOT}/Pods/Pods-CapMetro-resources.sh"
</string>
			<key>showEnvVarsInLog</key>
			<string>0</string>
		</dict>
		<key>E0BB735F7CEB42B5A456003F</key>
		<dict>
			<key>fileRef</key>
			<string>31349DB35E48444C880A4972</string>
			<key>isa</key>
			<string>PBXBuildFile</string>
		</dict>
		<key>EAA629DE808A45D9BA9244F4</key>
		<dict>
			<key>fileRef</key>
			<string>31349DB35E48444C880A4972</string>
			<key>isa</key>
			<string>PBXBuildFile</string>
		</dict>
	</dict>
	<key>rootObject</key>
	<string>8CC6AA3418A80D410026337D</string>
</dict>
</plist>
