// !$*UTF8*$!
{
	archiveVersion = 1;
	classes = {
	};
	objectVersion = 46;
	objects = {

/* Begin PBXBuildFile section */
		8C1D919A18A9E40500AB498A /* NearbyViewController.m in Sources */ = {isa = PBXBuildFile; fileRef = 8C1D919918A9E40500AB498A /* NearbyViewController.m */; };
		8C1D919B18A9E40500AB498A /* NearbyViewController.m in Sources */ = {isa = PBXBuildFile; fileRef = 8C1D919918A9E40500AB498A /* NearbyViewController.m */; };
		8C8C885418AC55190049412A /* the-triangle.xml in Resources */ = {isa = PBXBuildFile; fileRef = 8C8C885118AC55190049412A /* the-triangle.xml */; };
		8C8C885518AC55190049412A /* 801-realtime.xml in Resources */ = {isa = PBXBuildFile; fileRef = 8C8C885318AC55190049412A /* 801-realtime.xml */; };
		8CC6AA4018A80D410026337D /* Foundation.framework in Frameworks */ = {isa = PBXBuildFile; fileRef = 8CC6AA3F18A80D410026337D /* Foundation.framework */; };
		8CC6AA4218A80D410026337D /* CoreGraphics.framework in Frameworks */ = {isa = PBXBuildFile; fileRef = 8CC6AA4118A80D410026337D /* CoreGraphics.framework */; };
		8CC6AA4418A80D410026337D /* UIKit.framework in Frameworks */ = {isa = PBXBuildFile; fileRef = 8CC6AA4318A80D410026337D /* UIKit.framework */; };
		8CC6AA4A18A80D410026337D /* InfoPlist.strings in Resources */ = {isa = PBXBuildFile; fileRef = 8CC6AA4818A80D410026337D /* InfoPlist.strings */; };
		8CC6AA4C18A80D410026337D /* main.m in Sources */ = {isa = PBXBuildFile; fileRef = 8CC6AA4B18A80D410026337D /* main.m */; };
		8CC6AA5018A80D410026337D /* AppDelegate.m in Sources */ = {isa = PBXBuildFile; fileRef = 8CC6AA4F18A80D410026337D /* AppDelegate.m */; };
		8CC6AA5318A80D410026337D /* Main.storyboard in Resources */ = {isa = PBXBuildFile; fileRef = 8CC6AA5118A80D410026337D /* Main.storyboard */; };
		8CC6AA5818A80D410026337D /* Images.xcassets in Resources */ = {isa = PBXBuildFile; fileRef = 8CC6AA5718A80D410026337D /* Images.xcassets */; };
		8CC6AA5F18A80D410026337D /* XCTest.framework in Frameworks */ = {isa = PBXBuildFile; fileRef = 8CC6AA5E18A80D410026337D /* XCTest.framework */; };
		8CC6AA6018A80D410026337D /* Foundation.framework in Frameworks */ = {isa = PBXBuildFile; fileRef = 8CC6AA3F18A80D410026337D /* Foundation.framework */; };
		8CC6AA6118A80D410026337D /* UIKit.framework in Frameworks */ = {isa = PBXBuildFile; fileRef = 8CC6AA4318A80D410026337D /* UIKit.framework */; };
		8CC6AA6918A80D410026337D /* InfoPlist.strings in Resources */ = {isa = PBXBuildFile; fileRef = 8CC6AA6718A80D410026337D /* InfoPlist.strings */; };
		8CC6AA6B18A80D410026337D /* CapMetroTests.m in Sources */ = {isa = PBXBuildFile; fileRef = 8CC6AA6A18A80D410026337D /* CapMetroTests.m */; };
		8CC6AAAA18A86EB40026337D /* CMMainViewController.m in Sources */ = {isa = PBXBuildFile; fileRef = 8CC6AAA918A86EB40026337D /* CMMainViewController.m */; };
		8CC6AAAB18A86EB40026337D /* CMMainViewController.m in Sources */ = {isa = PBXBuildFile; fileRef = 8CC6AAA918A86EB40026337D /* CMMainViewController.m */; };
		8CC6AAAD18A86F890026337D /* libReactiveCocoa-iOS.a in Frameworks */ = {isa = PBXBuildFile; fileRef = 8CC6AAAC18A86F890026337D /* libReactiveCocoa-iOS.a */; };
		8CC6AAAF18A87ABF0026337D /* MapKit.framework in Frameworks */ = {isa = PBXBuildFile; fileRef = 8CC6AAAE18A87ABF0026337D /* MapKit.framework */; };
		8CC6AAB518A87C490026337D /* GTFSDB.m in Sources */ = {isa = PBXBuildFile; fileRef = 8CC6AAB418A87C490026337D /* GTFSDB.m */; };
		8CC6AAB618A87C490026337D /* GTFSDB.m in Sources */ = {isa = PBXBuildFile; fileRef = 8CC6AAB418A87C490026337D /* GTFSDB.m */; };
		8CC6AAB918A880310026337D /* StopsMapViewController.m in Sources */ = {isa = PBXBuildFile; fileRef = 8CC6AAB818A880310026337D /* StopsMapViewController.m */; };
		8CC6AABA18A880310026337D /* StopsMapViewController.m in Sources */ = {isa = PBXBuildFile; fileRef = 8CC6AAB818A880310026337D /* StopsMapViewController.m */; };
		8CC6AAC118A887840026337D /* gtfs_austin.db in Resources */ = {isa = PBXBuildFile; fileRef = 8CC6AAC018A887840026337D /* gtfs_austin.db */; };
		8CC6AAC218A887840026337D /* gtfs_austin.db in Resources */ = {isa = PBXBuildFile; fileRef = 8CC6AAC018A887840026337D /* gtfs_austin.db */; };
		8CC6AAC618A88EFF0026337D /* StopAnnotationView.m in Sources */ = {isa = PBXBuildFile; fileRef = 8CC6AAC518A88EFF0026337D /* StopAnnotationView.m */; };
		8CC6AAC718A88EFF0026337D /* StopAnnotationView.m in Sources */ = {isa = PBXBuildFile; fileRef = 8CC6AAC518A88EFF0026337D /* StopAnnotationView.m */; };
		8CC6AACA18A88F0D0026337D /* StopAnnotation.m in Sources */ = {isa = PBXBuildFile; fileRef = 8CC6AAC918A88F0D0026337D /* StopAnnotation.m */; };
		8CC6AACB18A88F0D0026337D /* StopAnnotation.m in Sources */ = {isa = PBXBuildFile; fileRef = 8CC6AAC918A88F0D0026337D /* StopAnnotation.m */; };
		E0BB735F7CEB42B5A456003F /* libPods-CapMetro.a in Frameworks */ = {isa = PBXBuildFile; fileRef = 31349DB35E48444C880A4972 /* libPods-CapMetro.a */; };
/* End PBXBuildFile section */

/* Begin PBXContainerItemProxy section */
		8CC6AA6218A80D410026337D /* PBXContainerItemProxy */ = {
			isa = PBXContainerItemProxy;
			containerPortal = 8CC6AA3418A80D410026337D /* Project object */;
			proxyType = 1;
			remoteGlobalIDString = 8CC6AA3B18A80D410026337D;
			remoteInfo = CapMetro;
		};
/* End PBXContainerItemProxy section */

/* Begin PBXFileReference section */
		31349DB35E48444C880A4972 /* libPods-CapMetro.a */ = {isa = PBXFileReference; explicitFileType = archive.ar; includeInIndex = 0; path = "libPods-CapMetro.a"; sourceTree = BUILT_PRODUCTS_DIR; };
		6210B8A4BFD84DD19523080F /* Pods-CapMetro.xcconfig */ = {isa = PBXFileReference; includeInIndex = 1; lastKnownFileType = text.xcconfig; name = "Pods-CapMetro.xcconfig"; path = "Pods/Pods-CapMetro.xcconfig"; sourceTree = "<group>"; };
		8C1D919818A9E40500AB498A /* NearbyViewController.h */ = {isa = PBXFileReference; fileEncoding = 4; lastKnownFileType = sourcecode.c.h; path = NearbyViewController.h; sourceTree = "<group>"; };
		8C1D919918A9E40500AB498A /* NearbyViewController.m */ = {isa = PBXFileReference; fileEncoding = 4; lastKnownFileType = sourcecode.c.objc; path = NearbyViewController.m; sourceTree = "<group>"; };
		8C8C885118AC55190049412A /* the-triangle.xml */ = {isa = PBXFileReference; fileEncoding = 4; lastKnownFileType = text.xml; path = "the-triangle.xml"; sourceTree = "<group>"; };
		8C8C885318AC55190049412A /* 801-realtime.xml */ = {isa = PBXFileReference; fileEncoding = 4; lastKnownFileType = text.xml; path = "801-realtime.xml"; sourceTree = "<group>"; };
		8CC6AA3C18A80D410026337D /* CapMetro.app */ = {isa = PBXFileReference; explicitFileType = wrapper.application; includeInIndex = 0; path = CapMetro.app; sourceTree = BUILT_PRODUCTS_DIR; };
		8CC6AA3F18A80D410026337D /* Foundation.framework */ = {isa = PBXFileReference; lastKnownFileType = wrapper.framework; name = Foundation.framework; path = System/Library/Frameworks/Foundation.framework; sourceTree = SDKROOT; };
		8CC6AA4118A80D410026337D /* CoreGraphics.framework */ = {isa = PBXFileReference; lastKnownFileType = wrapper.framework; name = CoreGraphics.framework; path = System/Library/Frameworks/CoreGraphics.framework; sourceTree = SDKROOT; };
		8CC6AA4318A80D410026337D /* UIKit.framework */ = {isa = PBXFileReference; lastKnownFileType = wrapper.framework; name = UIKit.framework; path = System/Library/Frameworks/UIKit.framework; sourceTree = SDKROOT; };
		8CC6AA4718A80D410026337D /* CapMetro-Info.plist */ = {isa = PBXFileReference; lastKnownFileType = text.plist.xml; path = "CapMetro-Info.plist"; sourceTree = "<group>"; };
		8CC6AA4918A80D410026337D /* en */ = {isa = PBXFileReference; lastKnownFileType = text.plist.strings; name = en; path = en.lproj/InfoPlist.strings; sourceTree = "<group>"; };
		8CC6AA4B18A80D410026337D /* main.m */ = {isa = PBXFileReference; lastKnownFileType = sourcecode.c.objc; path = main.m; sourceTree = "<group>"; };
		8CC6AA4D18A80D410026337D /* CapMetro-Prefix.pch */ = {isa = PBXFileReference; lastKnownFileType = sourcecode.c.h; path = "CapMetro-Prefix.pch"; sourceTree = "<group>"; };
		8CC6AA4E18A80D410026337D /* AppDelegate.h */ = {isa = PBXFileReference; lastKnownFileType = sourcecode.c.h; path = AppDelegate.h; sourceTree = "<group>"; };
		8CC6AA4F18A80D410026337D /* AppDelegate.m */ = {isa = PBXFileReference; lastKnownFileType = sourcecode.c.objc; path = AppDelegate.m; sourceTree = "<group>"; };
		8CC6AA5218A80D410026337D /* Base */ = {isa = PBXFileReference; lastKnownFileType = file.storyboard; name = Base; path = Base.lproj/Main.storyboard; sourceTree = "<group>"; };
		8CC6AA5718A80D410026337D /* Images.xcassets */ = {isa = PBXFileReference; lastKnownFileType = folder.assetcatalog; path = Images.xcassets; sourceTree = "<group>"; };
		8CC6AA5D18A80D410026337D /* CapMetroTests.xctest */ = {isa = PBXFileReference; explicitFileType = wrapper.cfbundle; includeInIndex = 0; path = CapMetroTests.xctest; sourceTree = BUILT_PRODUCTS_DIR; };
		8CC6AA5E18A80D410026337D /* XCTest.framework */ = {isa = PBXFileReference; lastKnownFileType = wrapper.framework; name = XCTest.framework; path = Library/Frameworks/XCTest.framework; sourceTree = DEVELOPER_DIR; };
		8CC6AA6618A80D410026337D /* CapMetroTests-Info.plist */ = {isa = PBXFileReference; lastKnownFileType = text.plist.xml; path = "CapMetroTests-Info.plist"; sourceTree = "<group>"; };
		8CC6AA6818A80D410026337D /* en */ = {isa = PBXFileReference; lastKnownFileType = text.plist.strings; name = en; path = en.lproj/InfoPlist.strings; sourceTree = "<group>"; };
		8CC6AA6A18A80D410026337D /* CapMetroTests.m */ = {isa = PBXFileReference; lastKnownFileType = sourcecode.c.objc; path = CapMetroTests.m; sourceTree = "<group>"; };
		8CC6AA9C18A868380026337D /* libReactiveCocoa-iOS.a */ = {isa = PBXFileReference; lastKnownFileType = archive.ar; name = "libReactiveCocoa-iOS.a"; path = "ReactiveCocoa/ReactiveCocoaFramework/build/Debug-iphoneos/libReactiveCocoa-iOS.a"; sourceTree = "<group>"; };
		8CC6AAA818A86EB40026337D /* CMMainViewController.h */ = {isa = PBXFileReference; fileEncoding = 4; lastKnownFileType = sourcecode.c.h; path = CMMainViewController.h; sourceTree = "<group>"; };
		8CC6AAA918A86EB40026337D /* CMMainViewController.m */ = {isa = PBXFileReference; fileEncoding = 4; lastKnownFileType = sourcecode.c.objc; path = CMMainViewController.m; sourceTree = "<group>"; };
		8CC6AAAC18A86F890026337D /* libReactiveCocoa-iOS.a */ = {isa = PBXFileReference; lastKnownFileType = archive.ar; name = "libReactiveCocoa-iOS.a"; path = "ReactiveCocoa/ReactiveCocoaFramework/build/Debug-iphoneos/libReactiveCocoa-iOS.a"; sourceTree = "<group>"; };
		8CC6AAAE18A87ABF0026337D /* MapKit.framework */ = {isa = PBXFileReference; lastKnownFileType = wrapper.framework; name = MapKit.framework; path = System/Library/Frameworks/MapKit.framework; sourceTree = SDKROOT; };
		8CC6AAB318A87C490026337D /* GTFSDB.h */ = {isa = PBXFileReference; fileEncoding = 4; lastKnownFileType = sourcecode.c.h; path = GTFSDB.h; sourceTree = "<group>"; };
		8CC6AAB418A87C490026337D /* GTFSDB.m */ = {isa = PBXFileReference; fileEncoding = 4; lastKnownFileType = sourcecode.c.objc; path = GTFSDB.m; sourceTree = "<group>"; };
		8CC6AAB718A880310026337D /* StopsMapViewController.h */ = {isa = PBXFileReference; fileEncoding = 4; lastKnownFileType = sourcecode.c.h; path = StopsMapViewController.h; sourceTree = "<group>"; };
		8CC6AAB818A880310026337D /* StopsMapViewController.m */ = {isa = PBXFileReference; fileEncoding = 4; lastKnownFileType = sourcecode.c.objc; path = StopsMapViewController.m; sourceTree = "<group>"; };
		8CC6AAC018A887840026337D /* gtfs_austin.db */ = {isa = PBXFileReference; lastKnownFileType = file; name = gtfs_austin.db; path = Data/gtfs_austin.db; sourceTree = "<group>"; };
		8CC6AAC418A88EFF0026337D /* StopAnnotationView.h */ = {isa = PBXFileReference; fileEncoding = 4; lastKnownFileType = sourcecode.c.h; path = StopAnnotationView.h; sourceTree = "<group>"; };
		8CC6AAC518A88EFF0026337D /* StopAnnotationView.m */ = {isa = PBXFileReference; fileEncoding = 4; lastKnownFileType = sourcecode.c.objc; path = StopAnnotationView.m; sourceTree = "<group>"; };
		8CC6AAC818A88F0D0026337D /* StopAnnotation.h */ = {isa = PBXFileReference; fileEncoding = 4; lastKnownFileType = sourcecode.c.h; path = StopAnnotation.h; sourceTree = "<group>"; };
		8CC6AAC918A88F0D0026337D /* StopAnnotation.m */ = {isa = PBXFileReference; fileEncoding = 4; lastKnownFileType = sourcecode.c.objc; path = StopAnnotation.m; sourceTree = "<group>"; };
/* End PBXFileReference section */

/* Begin PBXFrameworksBuildPhase section */
		8CC6AA3918A80D410026337D /* Frameworks */ = {
			isa = PBXFrameworksBuildPhase;
			buildActionMask = 2147483647;
			files = (
				8CC6AAAF18A87ABF0026337D /* MapKit.framework in Frameworks */,
				8CC6AAAD18A86F890026337D /* libReactiveCocoa-iOS.a in Frameworks */,
				8CC6AA4218A80D410026337D /* CoreGraphics.framework in Frameworks */,
				8CC6AA4418A80D410026337D /* UIKit.framework in Frameworks */,
				8CC6AA4018A80D410026337D /* Foundation.framework in Frameworks */,
				E0BB735F7CEB42B5A456003F /* libPods-CapMetro.a in Frameworks */,
			);
			runOnlyForDeploymentPostprocessing = 0;
		};
		8CC6AA5A18A80D410026337D /* Frameworks */ = {
			isa = PBXFrameworksBuildPhase;
			buildActionMask = 2147483647;
			files = (
				8CC6AA5F18A80D410026337D /* XCTest.framework in Frameworks */,
				8CC6AA6118A80D410026337D /* UIKit.framework in Frameworks */,
				8CC6AA6018A80D410026337D /* Foundation.framework in Frameworks */,
			);
			runOnlyForDeploymentPostprocessing = 0;
		};
/* End PBXFrameworksBuildPhase section */

/* Begin PBXGroup section */
		8C8C884F18AC4A170049412A /* Data */ = {
			isa = PBXGroup;
			children = (
				8C8C885018AC55190049412A /* planner */,
				8C8C885218AC55190049412A /* s_nextbus2 */,
			);
			path = Data;
			sourceTree = "<group>";
		};
		8C8C885018AC55190049412A /* planner */ = {
			isa = PBXGroup;
			children = (
				8C8C885118AC55190049412A /* the-triangle.xml */,
			);
			path = planner;
			sourceTree = "<group>";
		};
		8C8C885218AC55190049412A /* s_nextbus2 */ = {
			isa = PBXGroup;
			children = (
				8C8C885318AC55190049412A /* 801-realtime.xml */,
			);
			path = s_nextbus2;
			sourceTree = "<group>";
		};
		8CC6AA3318A80D410026337D = {
			isa = PBXGroup;
			children = (
				8CC6AA4518A80D410026337D /* CapMetro */,
				8CC6AA6418A80D410026337D /* CapMetroTests */,
				8CC6AA3E18A80D410026337D /* Frameworks */,
				8CC6AA3D18A80D410026337D /* Products */,
				6210B8A4BFD84DD19523080F /* Pods-CapMetro.xcconfig */,
			);
			sourceTree = "<group>";
		};
		8CC6AA3D18A80D410026337D /* Products */ = {
			isa = PBXGroup;
			children = (
				8CC6AA3C18A80D410026337D /* CapMetro.app */,
				8CC6AA5D18A80D410026337D /* CapMetroTests.xctest */,
			);
			name = Products;
			sourceTree = "<group>";
		};
		8CC6AA3E18A80D410026337D /* Frameworks */ = {
			isa = PBXGroup;
			children = (
				8CC6AAAE18A87ABF0026337D /* MapKit.framework */,
				8CC6AAAC18A86F890026337D /* libReactiveCocoa-iOS.a */,
				8CC6AA9C18A868380026337D /* libReactiveCocoa-iOS.a */,
				8CC6AA3F18A80D410026337D /* Foundation.framework */,
				8CC6AA4118A80D410026337D /* CoreGraphics.framework */,
				8CC6AA4318A80D410026337D /* UIKit.framework */,
				8CC6AA5E18A80D410026337D /* XCTest.framework */,
				31349DB35E48444C880A4972 /* libPods-CapMetro.a */,
			);
			name = Frameworks;
			sourceTree = "<group>";
		};
		8CC6AA4518A80D410026337D /* CapMetro */ = {
			isa = PBXGroup;
			children = (
				8CC6AAC318A88DF60026337D /* Views */,
				8CC6AABE18A881910026337D /* Data */,
				8CC6AA9F18A86E0E0026337D /* Models */,
				8CC6AA9E18A86E060026337D /* Controllers */,
				8CC6AA4E18A80D410026337D /* AppDelegate.h */,
				8CC6AA4F18A80D410026337D /* AppDelegate.m */,
				8CC6AA5118A80D410026337D /* Main.storyboard */,
				8CC6AA5718A80D410026337D /* Images.xcassets */,
				8CC6AA4618A80D410026337D /* Supporting Files */,
			);
			path = CapMetro;
			sourceTree = "<group>";
		};
		8CC6AA4618A80D410026337D /* Supporting Files */ = {
			isa = PBXGroup;
			children = (
				8CC6AA4718A80D410026337D /* CapMetro-Info.plist */,
				8CC6AA4818A80D410026337D /* InfoPlist.strings */,
				8CC6AA4B18A80D410026337D /* main.m */,
				8CC6AA4D18A80D410026337D /* CapMetro-Prefix.pch */,
			);
			name = "Supporting Files";
			sourceTree = "<group>";
		};
		8CC6AA6418A80D410026337D /* CapMetroTests */ = {
			isa = PBXGroup;
			children = (
				8C8C884F18AC4A170049412A /* Data */,
				8CC6AA6A18A80D410026337D /* CapMetroTests.m */,
				8CC6AA6518A80D410026337D /* Supporting Files */,
			);
			path = CapMetroTests;
			sourceTree = "<group>";
		};
		8CC6AA6518A80D410026337D /* Supporting Files */ = {
			isa = PBXGroup;
			children = (
				8CC6AA6618A80D410026337D /* CapMetroTests-Info.plist */,
				8CC6AA6718A80D410026337D /* InfoPlist.strings */,
			);
			name = "Supporting Files";
			sourceTree = "<group>";
		};
		8CC6AA9E18A86E060026337D /* Controllers */ = {
			isa = PBXGroup;
			children = (
				8CC6AAA818A86EB40026337D /* CMMainViewController.h */,
				8CC6AAA918A86EB40026337D /* CMMainViewController.m */,
				8CC6AAB718A880310026337D /* StopsMapViewController.h */,
				8CC6AAB818A880310026337D /* StopsMapViewController.m */,
				8C1D919818A9E40500AB498A /* NearbyViewController.h */,
				8C1D919918A9E40500AB498A /* NearbyViewController.m */,
			);
			name = Controllers;
			sourceTree = "<group>";
		};
		8CC6AA9F18A86E0E0026337D /* Models */ = {
			isa = PBXGroup;
			children = (
				8CC6AAB318A87C490026337D /* GTFSDB.h */,
				8CC6AAB418A87C490026337D /* GTFSDB.m */,
			);
			name = Models;
			sourceTree = "<group>";
		};
		8CC6AABE18A881910026337D /* Data */ = {
			isa = PBXGroup;
			children = (
				8CC6AAC018A887840026337D /* gtfs_austin.db */,
			);
			name = Data;
			sourceTree = "<group>";
		};
		8CC6AAC318A88DF60026337D /* Views */ = {
			isa = PBXGroup;
			children = (
				8CC6AAC418A88EFF0026337D /* StopAnnotationView.h */,
				8CC6AAC518A88EFF0026337D /* StopAnnotationView.m */,
				8CC6AAC818A88F0D0026337D /* StopAnnotation.h */,
				8CC6AAC918A88F0D0026337D /* StopAnnotation.m */,
			);
			name = Views;
			sourceTree = "<group>";
		};
/* End PBXGroup section */

/* Begin PBXNativeTarget section */
		8CC6AA3B18A80D410026337D /* CapMetro */ = {
			isa = PBXNativeTarget;
			buildConfigurationList = 8CC6AA6E18A80D410026337D /* Build configuration list for PBXNativeTarget "CapMetro" */;
			buildPhases = (
				B8A85A85CFE348C6A7CC4D01 /* Check Pods Manifest.lock */,
				8CC6AA3818A80D410026337D /* Sources */,
				8CC6AA3918A80D410026337D /* Frameworks */,
				8CC6AA3A18A80D410026337D /* Resources */,
				9961B348430F4F0392C4AF6C /* Copy Pods Resources */,
			);
			buildRules = (
			);
			dependencies = (
			);
			name = CapMetro;
			productName = CapMetro;
			productReference = 8CC6AA3C18A80D410026337D /* CapMetro.app */;
			productType = "com.apple.product-type.application";
		};
		8CC6AA5C18A80D410026337D /* CapMetroTests */ = {
			isa = PBXNativeTarget;
			buildConfigurationList = 8CC6AA7118A80D410026337D /* Build configuration list for PBXNativeTarget "CapMetroTests" */;
			buildPhases = (
				8CC6AA5918A80D410026337D /* Sources */,
				8CC6AA5A18A80D410026337D /* Frameworks */,
				8CC6AA5B18A80D410026337D /* Resources */,
			);
			buildRules = (
			);
			dependencies = (
				8CC6AA6318A80D410026337D /* PBXTargetDependency */,
			);
			name = CapMetroTests;
			productName = CapMetroTests;
			productReference = 8CC6AA5D18A80D410026337D /* CapMetroTests.xctest */;
			productType = "com.apple.product-type.bundle.unit-test";
		};
/* End PBXNativeTarget section */

/* Begin PBXProject section */
		8CC6AA3418A80D410026337D /* Project object */ = {
			isa = PBXProject;
			attributes = {
				LastUpgradeCheck = 0500;
				ORGANIZATIONNAME = Luq;
				TargetAttributes = {
					8CC6AA5C18A80D410026337D = {
						TestTargetID = 8CC6AA3B18A80D410026337D;
					};
				};
			};
			buildConfigurationList = 8CC6AA3718A80D410026337D /* Build configuration list for PBXProject "CapMetro" */;
			compatibilityVersion = "Xcode 3.2";
			developmentRegion = English;
			hasScannedForEncodings = 0;
			knownRegions = (
				en,
				Base,
			);
			mainGroup = 8CC6AA3318A80D410026337D;
			productRefGroup = 8CC6AA3D18A80D410026337D /* Products */;
			projectDirPath = "";
			projectRoot = "";
			targets = (
				8CC6AA3B18A80D410026337D /* CapMetro */,
				8CC6AA5C18A80D410026337D /* CapMetroTests */,
			);
		};
/* End PBXProject section */

/* Begin PBXResourcesBuildPhase section */
		8CC6AA3A18A80D410026337D /* Resources */ = {
			isa = PBXResourcesBuildPhase;
			buildActionMask = 2147483647;
			files = (
				8CC6AA5818A80D410026337D /* Images.xcassets in Resources */,
				8CC6AAC118A887840026337D /* gtfs_austin.db in Resources */,
				8CC6AA4A18A80D410026337D /* InfoPlist.strings in Resources */,
				8CC6AA5318A80D410026337D /* Main.storyboard in Resources */,
			);
			runOnlyForDeploymentPostprocessing = 0;
		};
		8CC6AA5B18A80D410026337D /* Resources */ = {
			isa = PBXResourcesBuildPhase;
			buildActionMask = 2147483647;
			files = (
				8C8C885518AC55190049412A /* 801-realtime.xml in Resources */,
				8CC6AA6918A80D410026337D /* InfoPlist.strings in Resources */,
				8C8C885418AC55190049412A /* the-triangle.xml in Resources */,
				8CC6AAC218A887840026337D /* gtfs_austin.db in Resources */,
			);
			runOnlyForDeploymentPostprocessing = 0;
		};
/* End PBXResourcesBuildPhase section */

/* Begin PBXShellScriptBuildPhase section */
		9961B348430F4F0392C4AF6C /* Copy Pods Resources */ = {
			isa = PBXShellScriptBuildPhase;
			buildActionMask = 2147483647;
			files = (
			);
			inputPaths = (
			);
			name = "Copy Pods Resources";
			outputPaths = (
			);
			runOnlyForDeploymentPostprocessing = 0;
			shellPath = /bin/sh;
			shellScript = "\"${SRCROOT}/Pods/Pods-CapMetro-resources.sh\"\n";
			showEnvVarsInLog = 0;
		};
		B8A85A85CFE348C6A7CC4D01 /* Check Pods Manifest.lock */ = {
			isa = PBXShellScriptBuildPhase;
			buildActionMask = 2147483647;
			files = (
			);
			inputPaths = (
			);
			name = "Check Pods Manifest.lock";
			outputPaths = (
			);
			runOnlyForDeploymentPostprocessing = 0;
			shellPath = /bin/sh;
			shellScript = "diff \"${PODS_ROOT}/../Podfile.lock\" \"${PODS_ROOT}/Manifest.lock\" > /dev/null\nif [[ $? != 0 ]] ; then\n    cat << EOM\nerror: The sandbox is not in sync with the Podfile.lock. Run 'pod install' or update your CocoaPods installation.\nEOM\n    exit 1\nfi\n";
			showEnvVarsInLog = 0;
		};
/* End PBXShellScriptBuildPhase section */

/* Begin PBXSourcesBuildPhase section */
		8CC6AA3818A80D410026337D /* Sources */ = {
			isa = PBXSourcesBuildPhase;
			buildActionMask = 2147483647;
			files = (
				8CC6AA5018A80D410026337D /* AppDelegate.m in Sources */,
				8CC6AAB518A87C490026337D /* GTFSDB.m in Sources */,
				8CC6AAAA18A86EB40026337D /* CMMainViewController.m in Sources */,
				8CC6AACA18A88F0D0026337D /* StopAnnotation.m in Sources */,
				8CC6AA4C18A80D410026337D /* main.m in Sources */,
				8C1D919A18A9E40500AB498A /* NearbyViewController.m in Sources */,
				8CC6AAB918A880310026337D /* StopsMapViewController.m in Sources */,
				8CC6AAC618A88EFF0026337D /* StopAnnotationView.m in Sources */,
			);
			runOnlyForDeploymentPostprocessing = 0;
		};
		8CC6AA5918A80D410026337D /* Sources */ = {
			isa = PBXSourcesBuildPhase;
			buildActionMask = 2147483647;
			files = (
				8CC6AAC718A88EFF0026337D /* StopAnnotationView.m in Sources */,
				8C1D919B18A9E40500AB498A /* NearbyViewController.m in Sources */,
				8CC6AA6B18A80D410026337D /* CapMetroTests.m in Sources */,
				8CC6AACB18A88F0D0026337D /* StopAnnotation.m in Sources */,
				8CC6AABA18A880310026337D /* StopsMapViewController.m in Sources */,
				8CC6AAB618A87C490026337D /* GTFSDB.m in Sources */,
				8CC6AAAB18A86EB40026337D /* CMMainViewController.m in Sources */,
			);
			runOnlyForDeploymentPostprocessing = 0;
		};
/* End PBXSourcesBuildPhase section */

/* Begin PBXTargetDependency section */
		8CC6AA6318A80D410026337D /* PBXTargetDependency */ = {
			isa = PBXTargetDependency;
			target = 8CC6AA3B18A80D410026337D /* CapMetro */;
			targetProxy = 8CC6AA6218A80D410026337D /* PBXContainerItemProxy */;
		};
/* End PBXTargetDependency section */

/* Begin PBXVariantGroup section */
		8CC6AA4818A80D410026337D /* InfoPlist.strings */ = {
			isa = PBXVariantGroup;
			children = (
				8CC6AA4918A80D410026337D /* en */,
			);
			name = InfoPlist.strings;
			sourceTree = "<group>";
		};
		8CC6AA5118A80D410026337D /* Main.storyboard */ = {
			isa = PBXVariantGroup;
			children = (
				8CC6AA5218A80D410026337D /* Base */,
			);
			name = Main.storyboard;
			sourceTree = "<group>";
		};
		8CC6AA6718A80D410026337D /* InfoPlist.strings */ = {
			isa = PBXVariantGroup;
			children = (
				8CC6AA6818A80D410026337D /* en */,
			);
			name = InfoPlist.strings;
			sourceTree = "<group>";
		};
/* End PBXVariantGroup section */

/* Begin XCBuildConfiguration section */
		8CC6AA6C18A80D410026337D /* Debug */ = {
			isa = XCBuildConfiguration;
			buildSettings = {
				ALWAYS_SEARCH_USER_PATHS = NO;
				ARCHS = "$(ARCHS_STANDARD_INCLUDING_64_BIT)";
				CLANG_CXX_LANGUAGE_STANDARD = "gnu++0x";
				CLANG_CXX_LIBRARY = "libc++";
				CLANG_ENABLE_MODULES = YES;
				CLANG_ENABLE_OBJC_ARC = YES;
				CLANG_WARN_BOOL_CONVERSION = YES;
				CLANG_WARN_CONSTANT_CONVERSION = YES;
				CLANG_WARN_DIRECT_OBJC_ISA_USAGE = YES_ERROR;
				CLANG_WARN_EMPTY_BODY = YES;
				CLANG_WARN_ENUM_CONVERSION = YES;
				CLANG_WARN_INT_CONVERSION = YES;
				CLANG_WARN_OBJC_ROOT_CLASS = YES_ERROR;
				CLANG_WARN__DUPLICATE_METHOD_MATCH = YES;
				"CODE_SIGN_IDENTITY[sdk=iphoneos*]" = "iPhone Developer";
				COPY_PHASE_STRIP = NO;
				GCC_C_LANGUAGE_STANDARD = gnu99;
				GCC_DYNAMIC_NO_PIC = NO;
				GCC_OPTIMIZATION_LEVEL = 0;
				GCC_PREPROCESSOR_DEFINITIONS = (
					"DEBUG=1",
					"$(inherited)",
				);
				GCC_SYMBOLS_PRIVATE_EXTERN = NO;
				GCC_WARN_64_TO_32_BIT_CONVERSION = YES;
				GCC_WARN_ABOUT_RETURN_TYPE = YES_ERROR;
				GCC_WARN_UNDECLARED_SELECTOR = YES;
				GCC_WARN_UNINITIALIZED_AUTOS = YES;
				GCC_WARN_UNUSED_FUNCTION = YES;
				GCC_WARN_UNUSED_VARIABLE = YES;
				IPHONEOS_DEPLOYMENT_TARGET = 7.0;
				ONLY_ACTIVE_ARCH = YES;
				SDKROOT = iphoneos;
			};
			name = Debug;
		};
		8CC6AA6D18A80D410026337D /* Release */ = {
			isa = XCBuildConfiguration;
			buildSettings = {
				ALWAYS_SEARCH_USER_PATHS = NO;
				ARCHS = "$(ARCHS_STANDARD_INCLUDING_64_BIT)";
				CLANG_CXX_LANGUAGE_STANDARD = "gnu++0x";
				CLANG_CXX_LIBRARY = "libc++";
				CLANG_ENABLE_MODULES = YES;
				CLANG_ENABLE_OBJC_ARC = YES;
				CLANG_WARN_BOOL_CONVERSION = YES;
				CLANG_WARN_CONSTANT_CONVERSION = YES;
				CLANG_WARN_DIRECT_OBJC_ISA_USAGE = YES_ERROR;
				CLANG_WARN_EMPTY_BODY = YES;
				CLANG_WARN_ENUM_CONVERSION = YES;
				CLANG_WARN_INT_CONVERSION = YES;
				CLANG_WARN_OBJC_ROOT_CLASS = YES_ERROR;
				CLANG_WARN__DUPLICATE_METHOD_MATCH = YES;
				"CODE_SIGN_IDENTITY[sdk=iphoneos*]" = "iPhone Developer";
				COPY_PHASE_STRIP = YES;
				ENABLE_NS_ASSERTIONS = NO;
				GCC_C_LANGUAGE_STANDARD = gnu99;
				GCC_WARN_64_TO_32_BIT_CONVERSION = YES;
				GCC_WARN_ABOUT_RETURN_TYPE = YES_ERROR;
				GCC_WARN_UNDECLARED_SELECTOR = YES;
				GCC_WARN_UNINITIALIZED_AUTOS = YES;
				GCC_WARN_UNUSED_FUNCTION = YES;
				GCC_WARN_UNUSED_VARIABLE = YES;
				IPHONEOS_DEPLOYMENT_TARGET = 7.0;
				SDKROOT = iphoneos;
				VALIDATE_PRODUCT = YES;
			};
			name = Release;
		};
		8CC6AA6F18A80D410026337D /* Debug */ = {
			isa = XCBuildConfiguration;
			baseConfigurationReference = 6210B8A4BFD84DD19523080F /* Pods-CapMetro.xcconfig */;
			buildSettings = {
				ASSETCATALOG_COMPILER_APPICON_NAME = AppIcon;
				ASSETCATALOG_COMPILER_LAUNCHIMAGE_NAME = LaunchImage;
				GCC_PRECOMPILE_PREFIX_HEADER = YES;
				GCC_PREFIX_HEADER = "CapMetro/CapMetro-Prefix.pch";
				HEADER_SEARCH_PATHS = (
					"\"${PODS_ROOT}/Headers\"",
					"\"${PODS_ROOT}/Headers/ReactiveCocoa\"",
					"\"${PODS_ROOT}/Headers/ReactiveCocoa/ReactiveCocoa\"",
					"\"$(BUILD_ROOT)/../IntermediateBuildFilesPath/UninstalledProducts/include\"",
					"$(inherited)",
				);
				INFOPLIST_FILE = "CapMetro/CapMetro-Info.plist";
				OTHER_LDFLAGS = "$(inherited)";
				PRODUCT_NAME = "$(TARGET_NAME)";
				WRAPPER_EXTENSION = app;
			};
			name = Debug;
		};
		8CC6AA7018A80D410026337D /* Release */ = {
			isa = XCBuildConfiguration;
			baseConfigurationReference = 6210B8A4BFD84DD19523080F /* Pods-CapMetro.xcconfig */;
			buildSettings = {
				ASSETCATALOG_COMPILER_APPICON_NAME = AppIcon;
				ASSETCATALOG_COMPILER_LAUNCHIMAGE_NAME = LaunchImage;
				GCC_PRECOMPILE_PREFIX_HEADER = YES;
				GCC_PREFIX_HEADER = "CapMetro/CapMetro-Prefix.pch";
				HEADER_SEARCH_PATHS = (
					"\"${PODS_ROOT}/Headers\"",
					"\"${PODS_ROOT}/Headers/ReactiveCocoa\"",
					"\"${PODS_ROOT}/Headers/ReactiveCocoa/ReactiveCocoa\"",
					"\"$(BUILD_ROOT)/../IntermediateBuildFilesPath/UninstalledProducts/include\"",
					"$(inherited)",
				);
				INFOPLIST_FILE = "CapMetro/CapMetro-Info.plist";
				OTHER_LDFLAGS = "$(inherited)";
				PRODUCT_NAME = "$(TARGET_NAME)";
				WRAPPER_EXTENSION = app;
			};
			name = Release;
		};
		8CC6AA7218A80D410026337D /* Debug */ = {
			isa = XCBuildConfiguration;
			buildSettings = {
				ARCHS = "$(ARCHS_STANDARD_INCLUDING_64_BIT)";
				BUNDLE_LOADER = "$(BUILT_PRODUCTS_DIR)/CapMetro.app/CapMetro";
				FRAMEWORK_SEARCH_PATHS = (
					"$(SDKROOT)/Developer/Library/Frameworks",
					"$(inherited)",
					"$(DEVELOPER_FRAMEWORKS_DIR)",
				);
				GCC_PRECOMPILE_PREFIX_HEADER = YES;
				GCC_PREFIX_HEADER = "CapMetro/CapMetro-Prefix.pch";
				GCC_PREPROCESSOR_DEFINITIONS = (
					"DEBUG=1",
					"$(inherited)",
				);
				INFOPLIST_FILE = "CapMetroTests/CapMetroTests-Info.plist";
				PRODUCT_NAME = "$(TARGET_NAME)";
				TEST_HOST = "$(BUNDLE_LOADER)";
				WRAPPER_EXTENSION = xctest;
			};
			name = Debug;
		};
		8CC6AA7318A80D410026337D /* Release */ = {
			isa = XCBuildConfiguration;
			buildSettings = {
				ARCHS = "$(ARCHS_STANDARD_INCLUDING_64_BIT)";
				BUNDLE_LOADER = "$(BUILT_PRODUCTS_DIR)/CapMetro.app/CapMetro";
				FRAMEWORK_SEARCH_PATHS = (
					"$(SDKROOT)/Developer/Library/Frameworks",
					"$(inherited)",
					"$(DEVELOPER_FRAMEWORKS_DIR)",
				);
				GCC_PRECOMPILE_PREFIX_HEADER = YES;
				GCC_PREFIX_HEADER = "CapMetro/CapMetro-Prefix.pch";
				INFOPLIST_FILE = "CapMetroTests/CapMetroTests-Info.plist";
				PRODUCT_NAME = "$(TARGET_NAME)";
				TEST_HOST = "$(BUNDLE_LOADER)";
				WRAPPER_EXTENSION = xctest;
			};
			name = Release;
		};
/* End XCBuildConfiguration section */

/* Begin XCConfigurationList section */
		8CC6AA3718A80D410026337D /* Build configuration list for PBXProject "CapMetro" */ = {
			isa = XCConfigurationList;
			buildConfigurations = (
				8CC6AA6C18A80D410026337D /* Debug */,
				8CC6AA6D18A80D410026337D /* Release */,
			);
			defaultConfigurationIsVisible = 0;
			defaultConfigurationName = Release;
		};
		8CC6AA6E18A80D410026337D /* Build configuration list for PBXNativeTarget "CapMetro" */ = {
			isa = XCConfigurationList;
			buildConfigurations = (
				8CC6AA6F18A80D410026337D /* Debug */,
				8CC6AA7018A80D410026337D /* Release */,
			);
			defaultConfigurationIsVisible = 0;
			defaultConfigurationName = Release;
		};
		8CC6AA7118A80D410026337D /* Build configuration list for PBXNativeTarget "CapMetroTests" */ = {
			isa = XCConfigurationList;
			buildConfigurations = (
				8CC6AA7218A80D410026337D /* Debug */,
				8CC6AA7318A80D410026337D /* Release */,
			);
			defaultConfigurationIsVisible = 0;
			defaultConfigurationName = Release;
		};
/* End XCConfigurationList section */
	};
	rootObject = 8CC6AA3418A80D410026337D /* Project object */;
}
